// !$*UTF8*$!
{
	archiveVersion = 1;
	classes = {
	};
	objectVersion = 46;
	objects = {

/* Begin PBXBuildFile section */
		1D2C49531ACC8ED40046E3F7 /* addphoto.png in Resources */ = {isa = PBXBuildFile; fileRef = 1D2C49551ACC8ED40046E3F7 /* addphoto.png */; };
		1DB189E11AC9BCE500D8EE69 /* AddCategoryViewController.m in Sources */ = {isa = PBXBuildFile; fileRef = 1DB189E01AC9BCE500D8EE69 /* AddCategoryViewController.m */; };
		1DB189E41AC9D30400D8EE69 /* StoredData.m in Sources */ = {isa = PBXBuildFile; fileRef = 1DB189E31AC9D30400D8EE69 /* StoredData.m */; };
		1DB189E71AC9D54700D8EE69 /* AphasiaCategory.m in Sources */ = {isa = PBXBuildFile; fileRef = 1DB189E61AC9D54700D8EE69 /* AphasiaCategory.m */; };
		1E77185D1ACD5D9D004121D7 /* BEBER.png in Resources */ = {isa = PBXBuildFile; fileRef = 1E77185F1ACD5D9D004121D7 /* BEBER.png */; };
		1E7718621ACD5DA5004121D7 /* COMER.png in Resources */ = {isa = PBXBuildFile; fileRef = 1E7718641ACD5DA5004121D7 /* COMER.png */; };
		1E7718671ACD5DAC004121D7 /* EU.png in Resources */ = {isa = PBXBuildFile; fileRef = 1E7718691ACD5DAC004121D7 /* EU.png */; };
		1E77186C1ACD5DB9004121D7 /* MENINO.png in Resources */ = {isa = PBXBuildFile; fileRef = 1E77186E1ACD5DB9004121D7 /* MENINO.png */; };
		1E7718711ACD5DBF004121D7 /* QUERO.png in Resources */ = {isa = PBXBuildFile; fileRef = 1E7718731ACD5DBF004121D7 /* QUERO.png */; };
		1E7718761ACD5DCB004121D7 /* HORAS.png in Resources */ = {isa = PBXBuildFile; fileRef = 1E7718781ACD5DCB004121D7 /* HORAS.png */; };
		1E77187B1ACD5DD2004121D7 /* PERGUNTAS.png in Resources */ = {isa = PBXBuildFile; fileRef = 1E77187D1ACD5DD2004121D7 /* PERGUNTAS.png */; };
		1E7718801ACD5DDD004121D7 /* BANHEIRO.png in Resources */ = {isa = PBXBuildFile; fileRef = 1E7718821ACD5DDD004121D7 /* BANHEIRO.png */; };
		1E7718851ACD5DE3004121D7 /* ESCOVAR_DENTES.png in Resources */ = {isa = PBXBuildFile; fileRef = 1E7718871ACD5DE3004121D7 /* ESCOVAR_DENTES.png */; };
		1E77188A1ACD5DE8004121D7 /* LAVAR_MAOS.png in Resources */ = {isa = PBXBuildFile; fileRef = 1E77188C1ACD5DE8004121D7 /* LAVAR_MAOS.png */; };
		1E77188F1ACD5DEE004121D7 /* NECESSIDADES_PESSOAIS.png in Resources */ = {isa = PBXBuildFile; fileRef = 1E7718911ACD5DEE004121D7 /* NECESSIDADES_PESSOAIS.png */; };
		1E7718941ACD5DF3004121D7 /* TOMAR_BANHO.png in Resources */ = {isa = PBXBuildFile; fileRef = 1E7718961ACD5DF3004121D7 /* TOMAR_BANHO.png */; };
		1E7718991ACD5DFD004121D7 /* DOENTE.png in Resources */ = {isa = PBXBuildFile; fileRef = 1E77189B1ACD5DFD004121D7 /* DOENTE.png */; };
		1E77189E1ACD5E04004121D7 /* EMOCOES.png in Resources */ = {isa = PBXBuildFile; fileRef = 1E7718A01ACD5E04004121D7 /* EMOCOES.png */; };
		1E7718A31ACD5E0D004121D7 /* FELIZ.png in Resources */ = {isa = PBXBuildFile; fileRef = 1E7718A51ACD5E0D004121D7 /* FELIZ.png */; };
		1E7718A81ACD5E13004121D7 /* TRISTE.png in Resources */ = {isa = PBXBuildFile; fileRef = 1E7718AA1ACD5E13004121D7 /* TRISTE.png */; };
		1E7718AD1ACD5E1A004121D7 /* EMERGENCIA.png in Resources */ = {isa = PBXBuildFile; fileRef = 1E7718AF1ACD5E1A004121D7 /* EMERGENCIA.png */; };
		1E7718B21ACD5E20004121D7 /* HOSPITAL.png in Resources */ = {isa = PBXBuildFile; fileRef = 1E7718B41ACD5E20004121D7 /* HOSPITAL.png */; };
		1E7718B71ACD5E25004121D7 /* POLICIA.png in Resources */ = {isa = PBXBuildFile; fileRef = 1E7718B91ACD5E25004121D7 /* POLICIA.png */; };
		1E7718BC1ACD5E2D004121D7 /* BARRIGA.png in Resources */ = {isa = PBXBuildFile; fileRef = 1E7718BE1ACD5E2D004121D7 /* BARRIGA.png */; };
		1E7718C11ACD5E33004121D7 /* CABECA.png in Resources */ = {isa = PBXBuildFile; fileRef = 1E7718C31ACD5E33004121D7 /* CABECA.png */; };
		1E7718C61ACD5E39004121D7 /* DOR.png in Resources */ = {isa = PBXBuildFile; fileRef = 1E7718C81ACD5E39004121D7 /* DOR.png */; };
		1E7718CB1ACD5E3E004121D7 /* GARGANTA.png in Resources */ = {isa = PBXBuildFile; fileRef = 1E7718CD1ACD5E3E004121D7 /* GARGANTA.png */; };
		1E7718D01ACD5E48004121D7 /* BANANA.png in Resources */ = {isa = PBXBuildFile; fileRef = 1E7718D21ACD5E48004121D7 /* BANANA.png */; };
		1E7718D51ACD5E4D004121D7 /* COMIDA.png in Resources */ = {isa = PBXBuildFile; fileRef = 1E7718D71ACD5E4D004121D7 /* COMIDA.png */; };
		1E7718DA1ACD5E53004121D7 /* PAO.png in Resources */ = {isa = PBXBuildFile; fileRef = 1E7718DC1ACD5E53004121D7 /* PAO.png */; };
		1E7718DF1ACD5E59004121D7 /* MACA.png in Resources */ = {isa = PBXBuildFile; fileRef = 1E7718E11ACD5E59004121D7 /* MACA.png */; };
		1E7718E41ACD5E60004121D7 /* CUMPRIMENTOS.png in Resources */ = {isa = PBXBuildFile; fileRef = 1E7718E61ACD5E60004121D7 /* CUMPRIMENTOS.png */; };
		1E7718E91ACD5E65004121D7 /* OI.png in Resources */ = {isa = PBXBuildFile; fileRef = 1E7718EB1ACD5E65004121D7 /* OI.png */; };
		1E7718EE1ACD5E6C004121D7 /* TCHAU.png in Resources */ = {isa = PBXBuildFile; fileRef = 1E7718F01ACD5E6C004121D7 /* TCHAU.png */; };
		1E7718F31ACD5E73004121D7 /* AGUA.png in Resources */ = {isa = PBXBuildFile; fileRef = 1E7718F51ACD5E73004121D7 /* AGUA.png */; };
		1E7718F81ACD5E78004121D7 /* BEBIDA.png in Resources */ = {isa = PBXBuildFile; fileRef = 1E7718FA1ACD5E78004121D7 /* BEBIDA.png */; };
		1E7718FD1ACD5E7D004121D7 /* LEITE.png in Resources */ = {isa = PBXBuildFile; fileRef = 1E7718FF1ACD5E7D004121D7 /* LEITE.png */; };
		1E7719021ACD5E84004121D7 /* REFRIGERANTE.png in Resources */ = {isa = PBXBuildFile; fileRef = 1E7719041ACD5E84004121D7 /* REFRIGERANTE.png */; };
		1E7719071ACD5E8A004121D7 /* SUCO.png in Resources */ = {isa = PBXBuildFile; fileRef = 1E7719091ACD5E8A004121D7 /* SUCO.png */; };
		1E78C70A1ACC63C1004863DB /* category_emotion.png in Resources */ = {isa = PBXBuildFile; fileRef = 1E78C70C1ACC63C1004863DB /* category_emotion.png */; };
		1E78C70F1ACC652A004863DB /* profile.png in Resources */ = {isa = PBXBuildFile; fileRef = 1E78C7111ACC652A004863DB /* profile.png */; };
		1E78C7141ACC6533004863DB /* icon_home.png in Resources */ = {isa = PBXBuildFile; fileRef = 1E78C7161ACC6533004863DB /* icon_home.png */; };
		1E78C7191ACC653A004863DB /* icon_edit.png in Resources */ = {isa = PBXBuildFile; fileRef = 1E78C71B1ACC653A004863DB /* icon_edit.png */; };
		1E78C71E1ACC6543004863DB /* left_arrow.png in Resources */ = {isa = PBXBuildFile; fileRef = 1E78C7201ACC6543004863DB /* left_arrow.png */; };
		1E78C7231ACC654A004863DB /* right_arrow.png in Resources */ = {isa = PBXBuildFile; fileRef = 1E78C7251ACC654A004863DB /* right_arrow.png */; };
		1ECD4B421ACB021400B41C8C /* AphasiaElement.m in Sources */ = {isa = PBXBuildFile; fileRef = 1ECD4B411ACB021400B41C8C /* AphasiaElement.m */; };
		1EEAF0191AC4943D00923593 /* Settings.bundle in Resources */ = {isa = PBXBuildFile; fileRef = 1EEAF0181AC4943D00923593 /* Settings.bundle */; };
		7A5D54B21ACD035A0093405A /* Images.xcassets in Resources */ = {isa = PBXBuildFile; fileRef = 7A5D54B11ACD035A0093405A /* Images.xcassets */; };
		7A620C841AC8AF500038C4EA /* TableViewController.m in Sources */ = {isa = PBXBuildFile; fileRef = 7A620C831AC8AF4F0038C4EA /* TableViewController.m */; };
		7A620C8A1AC8B22A0038C4EA /* TableViewCell.m in Sources */ = {isa = PBXBuildFile; fileRef = 7A620C891AC8B22A0038C4EA /* TableViewCell.m */; };
		7A620C991AC8BC150038C4EA /* DetailsViewController.m in Sources */ = {isa = PBXBuildFile; fileRef = 7A620C981AC8BC150038C4EA /* DetailsViewController.m */; };
		EB0713F81AC3325E002B9645 /* MainMenuViewController.m in Sources */ = {isa = PBXBuildFile; fileRef = EB0713F71AC3325E002B9645 /* MainMenuViewController.m */; };
		EB1D77651ACC32B40045E2C7 /* BoardViewerCell.m in Sources */ = {isa = PBXBuildFile; fileRef = EB1D77641ACC32B40045E2C7 /* BoardViewerCell.m */; };
		EB398FFB1AC597380099BD07 /* ImagesCollection.m in Sources */ = {isa = PBXBuildFile; fileRef = EB398FFA1AC597380099BD07 /* ImagesCollection.m */; };
		EB45BBB61AC321B3005CE9BE /* Localizable.strings in Resources */ = {isa = PBXBuildFile; fileRef = EB45BBB81AC321B3005CE9BE /* Localizable.strings */; };
		EB5367371AC1E4290000B7F3 /* main.m in Sources */ = {isa = PBXBuildFile; fileRef = EB5367361AC1E4290000B7F3 /* main.m */; };
		EB53673A1AC1E4290000B7F3 /* AppDelegate.m in Sources */ = {isa = PBXBuildFile; fileRef = EB5367391AC1E4290000B7F3 /* AppDelegate.m */; };
		EB53673D1AC1E4290000B7F3 /* GetStartedViewController.m in Sources */ = {isa = PBXBuildFile; fileRef = EB53673C1AC1E4290000B7F3 /* GetStartedViewController.m */; };
		EB5367401AC1E4290000B7F3 /* Main.storyboard in Resources */ = {isa = PBXBuildFile; fileRef = EB53673E1AC1E4290000B7F3 /* Main.storyboard */; };
		EB5367451AC1E4290000B7F3 /* LaunchScreen.xib in Resources */ = {isa = PBXBuildFile; fileRef = EB5367431AC1E4290000B7F3 /* LaunchScreen.xib */; };
		EB5367511AC1E4290000B7F3 /* AphasiaTests.m in Sources */ = {isa = PBXBuildFile; fileRef = EB5367501AC1E4290000B7F3 /* AphasiaTests.m */; };
		EB5E61231ACD825B0033B262 /* ImageCell.xib in Resources */ = {isa = PBXBuildFile; fileRef = EBC0DC951AC47D4000B924E3 /* ImageCell.xib */; };
		EB84017B1AC9E91A00BF73EF /* BoardStructureNode.m in Sources */ = {isa = PBXBuildFile; fileRef = EB84017A1AC9E91A00BF73EF /* BoardStructureNode.m */; };
		EBB11D1F1AC5F9E70030B387 /* BoardViewerViewController.m in Sources */ = {isa = PBXBuildFile; fileRef = EBB11D1E1AC5F9E70030B387 /* BoardViewerViewController.m */; };
/* End PBXBuildFile section */

/* Begin PBXContainerItemProxy section */
		EB53674B1AC1E4290000B7F3 /* PBXContainerItemProxy */ = {
			isa = PBXContainerItemProxy;
			containerPortal = EB5367291AC1E4290000B7F3 /* Project object */;
			proxyType = 1;
			remoteGlobalIDString = EB5367301AC1E4290000B7F3;
			remoteInfo = Aphasia;
		};
/* End PBXContainerItemProxy section */

/* Begin PBXFileReference section */
		1D2C49541ACC8ED40046E3F7 /* Base */ = {isa = PBXFileReference; lastKnownFileType = image.png; name = Base; path = Base.lproj/addphoto.png; sourceTree = "<group>"; };
		1D2C49561ACC8ED60046E3F7 /* en */ = {isa = PBXFileReference; lastKnownFileType = image.png; name = en; path = en.lproj/addphoto.png; sourceTree = "<group>"; };
		1D2C49571ACC8ED70046E3F7 /* pt */ = {isa = PBXFileReference; lastKnownFileType = image.png; name = pt; path = pt.lproj/addphoto.png; sourceTree = "<group>"; };
		1DB189DF1AC9BCE500D8EE69 /* AddCategoryViewController.h */ = {isa = PBXFileReference; fileEncoding = 4; lastKnownFileType = sourcecode.c.h; path = AddCategoryViewController.h; sourceTree = "<group>"; };
		1DB189E01AC9BCE500D8EE69 /* AddCategoryViewController.m */ = {isa = PBXFileReference; fileEncoding = 4; lastKnownFileType = sourcecode.c.objc; path = AddCategoryViewController.m; sourceTree = "<group>"; };
		1DB189E21AC9D30400D8EE69 /* StoredData.h */ = {isa = PBXFileReference; fileEncoding = 4; lastKnownFileType = sourcecode.c.h; path = StoredData.h; sourceTree = "<group>"; };
		1DB189E31AC9D30400D8EE69 /* StoredData.m */ = {isa = PBXFileReference; fileEncoding = 4; lastKnownFileType = sourcecode.c.objc; path = StoredData.m; sourceTree = "<group>"; };
		1DB189E51AC9D54700D8EE69 /* AphasiaCategory.h */ = {isa = PBXFileReference; fileEncoding = 4; lastKnownFileType = sourcecode.c.h; path = AphasiaCategory.h; sourceTree = "<group>"; };
		1DB189E61AC9D54700D8EE69 /* AphasiaCategory.m */ = {isa = PBXFileReference; fileEncoding = 4; lastKnownFileType = sourcecode.c.objc; path = AphasiaCategory.m; sourceTree = "<group>"; };
		1E77185E1ACD5D9D004121D7 /* Base */ = {isa = PBXFileReference; lastKnownFileType = image.png; name = Base; path = Base.lproj/BEBER.png; sourceTree = "<group>"; };
		1E7718601ACD5D9F004121D7 /* en */ = {isa = PBXFileReference; lastKnownFileType = image.png; name = en; path = en.lproj/BEBER.png; sourceTree = "<group>"; };
		1E7718611ACD5D9F004121D7 /* pt */ = {isa = PBXFileReference; lastKnownFileType = image.png; name = pt; path = pt.lproj/BEBER.png; sourceTree = "<group>"; };
		1E7718631ACD5DA5004121D7 /* Base */ = {isa = PBXFileReference; lastKnownFileType = image.png; name = Base; path = Base.lproj/COMER.png; sourceTree = "<group>"; };
		1E7718651ACD5DA7004121D7 /* en */ = {isa = PBXFileReference; lastKnownFileType = image.png; name = en; path = en.lproj/COMER.png; sourceTree = "<group>"; };
		1E7718661ACD5DA7004121D7 /* pt */ = {isa = PBXFileReference; lastKnownFileType = image.png; name = pt; path = pt.lproj/COMER.png; sourceTree = "<group>"; };
		1E7718681ACD5DAC004121D7 /* Base */ = {isa = PBXFileReference; lastKnownFileType = image.png; name = Base; path = Base.lproj/EU.png; sourceTree = "<group>"; };
		1E77186A1ACD5DAD004121D7 /* en */ = {isa = PBXFileReference; lastKnownFileType = image.png; name = en; path = en.lproj/EU.png; sourceTree = "<group>"; };
		1E77186B1ACD5DAD004121D7 /* pt */ = {isa = PBXFileReference; lastKnownFileType = image.png; name = pt; path = pt.lproj/EU.png; sourceTree = "<group>"; };
		1E77186D1ACD5DB9004121D7 /* Base */ = {isa = PBXFileReference; lastKnownFileType = image.png; name = Base; path = Base.lproj/MENINO.png; sourceTree = "<group>"; };
		1E77186F1ACD5DBA004121D7 /* en */ = {isa = PBXFileReference; lastKnownFileType = image.png; name = en; path = en.lproj/MENINO.png; sourceTree = "<group>"; };
		1E7718701ACD5DBB004121D7 /* pt */ = {isa = PBXFileReference; lastKnownFileType = image.png; name = pt; path = pt.lproj/MENINO.png; sourceTree = "<group>"; };
		1E7718721ACD5DBF004121D7 /* Base */ = {isa = PBXFileReference; lastKnownFileType = image.png; name = Base; path = Base.lproj/QUERO.png; sourceTree = "<group>"; };
		1E7718741ACD5DC1004121D7 /* en */ = {isa = PBXFileReference; lastKnownFileType = image.png; name = en; path = en.lproj/QUERO.png; sourceTree = "<group>"; };
		1E7718751ACD5DC3004121D7 /* pt */ = {isa = PBXFileReference; lastKnownFileType = image.png; name = pt; path = pt.lproj/QUERO.png; sourceTree = "<group>"; };
		1E7718771ACD5DCB004121D7 /* Base */ = {isa = PBXFileReference; lastKnownFileType = image.png; name = Base; path = Base.lproj/HORAS.png; sourceTree = "<group>"; };
		1E7718791ACD5DCC004121D7 /* en */ = {isa = PBXFileReference; lastKnownFileType = image.png; name = en; path = en.lproj/HORAS.png; sourceTree = "<group>"; };
		1E77187A1ACD5DCD004121D7 /* pt */ = {isa = PBXFileReference; lastKnownFileType = image.png; name = pt; path = pt.lproj/HORAS.png; sourceTree = "<group>"; };
		1E77187C1ACD5DD2004121D7 /* Base */ = {isa = PBXFileReference; lastKnownFileType = image.png; name = Base; path = Base.lproj/PERGUNTAS.png; sourceTree = "<group>"; };
		1E77187E1ACD5DD3004121D7 /* en */ = {isa = PBXFileReference; lastKnownFileType = image.png; name = en; path = en.lproj/PERGUNTAS.png; sourceTree = "<group>"; };
		1E77187F1ACD5DD4004121D7 /* pt */ = {isa = PBXFileReference; lastKnownFileType = image.png; name = pt; path = pt.lproj/PERGUNTAS.png; sourceTree = "<group>"; };
		1E7718811ACD5DDD004121D7 /* Base */ = {isa = PBXFileReference; lastKnownFileType = image.png; name = Base; path = Base.lproj/BANHEIRO.png; sourceTree = "<group>"; };
		1E7718831ACD5DDE004121D7 /* en */ = {isa = PBXFileReference; lastKnownFileType = image.png; name = en; path = en.lproj/BANHEIRO.png; sourceTree = "<group>"; };
		1E7718841ACD5DDE004121D7 /* pt */ = {isa = PBXFileReference; lastKnownFileType = image.png; name = pt; path = pt.lproj/BANHEIRO.png; sourceTree = "<group>"; };
		1E7718861ACD5DE3004121D7 /* Base */ = {isa = PBXFileReference; lastKnownFileType = image.png; name = Base; path = Base.lproj/ESCOVAR_DENTES.png; sourceTree = "<group>"; };
		1E7718881ACD5DE4004121D7 /* en */ = {isa = PBXFileReference; lastKnownFileType = image.png; name = en; path = en.lproj/ESCOVAR_DENTES.png; sourceTree = "<group>"; };
		1E7718891ACD5DE5004121D7 /* pt */ = {isa = PBXFileReference; lastKnownFileType = image.png; name = pt; path = pt.lproj/ESCOVAR_DENTES.png; sourceTree = "<group>"; };
		1E77188B1ACD5DE8004121D7 /* Base */ = {isa = PBXFileReference; lastKnownFileType = image.png; name = Base; path = Base.lproj/LAVAR_MAOS.png; sourceTree = "<group>"; };
		1E77188D1ACD5DE9004121D7 /* en */ = {isa = PBXFileReference; lastKnownFileType = image.png; name = en; path = en.lproj/LAVAR_MAOS.png; sourceTree = "<group>"; };
		1E77188E1ACD5DEA004121D7 /* pt */ = {isa = PBXFileReference; lastKnownFileType = image.png; name = pt; path = pt.lproj/LAVAR_MAOS.png; sourceTree = "<group>"; };
		1E7718901ACD5DEE004121D7 /* Base */ = {isa = PBXFileReference; lastKnownFileType = image.png; name = Base; path = Base.lproj/NECESSIDADES_PESSOAIS.png; sourceTree = "<group>"; };
		1E7718921ACD5DEF004121D7 /* en */ = {isa = PBXFileReference; lastKnownFileType = image.png; name = en; path = en.lproj/NECESSIDADES_PESSOAIS.png; sourceTree = "<group>"; };
		1E7718931ACD5DEF004121D7 /* pt */ = {isa = PBXFileReference; lastKnownFileType = image.png; name = pt; path = pt.lproj/NECESSIDADES_PESSOAIS.png; sourceTree = "<group>"; };
		1E7718951ACD5DF3004121D7 /* Base */ = {isa = PBXFileReference; lastKnownFileType = image.png; name = Base; path = Base.lproj/TOMAR_BANHO.png; sourceTree = "<group>"; };
		1E7718971ACD5DF4004121D7 /* en */ = {isa = PBXFileReference; lastKnownFileType = image.png; name = en; path = en.lproj/TOMAR_BANHO.png; sourceTree = "<group>"; };
		1E7718981ACD5DF6004121D7 /* pt */ = {isa = PBXFileReference; lastKnownFileType = image.png; name = pt; path = pt.lproj/TOMAR_BANHO.png; sourceTree = "<group>"; };
		1E77189A1ACD5DFD004121D7 /* Base */ = {isa = PBXFileReference; lastKnownFileType = image.png; name = Base; path = Base.lproj/DOENTE.png; sourceTree = "<group>"; };
		1E77189C1ACD5DFF004121D7 /* en */ = {isa = PBXFileReference; lastKnownFileType = image.png; name = en; path = en.lproj/DOENTE.png; sourceTree = "<group>"; };
		1E77189D1ACD5DFF004121D7 /* pt */ = {isa = PBXFileReference; lastKnownFileType = image.png; name = pt; path = pt.lproj/DOENTE.png; sourceTree = "<group>"; };
		1E77189F1ACD5E04004121D7 /* Base */ = {isa = PBXFileReference; lastKnownFileType = image.png; name = Base; path = Base.lproj/EMOCOES.png; sourceTree = "<group>"; };
		1E7718A11ACD5E05004121D7 /* en */ = {isa = PBXFileReference; lastKnownFileType = image.png; name = en; path = en.lproj/EMOCOES.png; sourceTree = "<group>"; };
		1E7718A21ACD5E05004121D7 /* pt */ = {isa = PBXFileReference; lastKnownFileType = image.png; name = pt; path = pt.lproj/EMOCOES.png; sourceTree = "<group>"; };
		1E7718A41ACD5E0D004121D7 /* Base */ = {isa = PBXFileReference; lastKnownFileType = image.png; name = Base; path = Base.lproj/FELIZ.png; sourceTree = "<group>"; };
		1E7718A61ACD5E0E004121D7 /* en */ = {isa = PBXFileReference; lastKnownFileType = image.png; name = en; path = en.lproj/FELIZ.png; sourceTree = "<group>"; };
		1E7718A71ACD5E0F004121D7 /* pt */ = {isa = PBXFileReference; lastKnownFileType = image.png; name = pt; path = pt.lproj/FELIZ.png; sourceTree = "<group>"; };
		1E7718A91ACD5E13004121D7 /* Base */ = {isa = PBXFileReference; lastKnownFileType = image.png; name = Base; path = Base.lproj/TRISTE.png; sourceTree = "<group>"; };
		1E7718AB1ACD5E14004121D7 /* en */ = {isa = PBXFileReference; lastKnownFileType = image.png; name = en; path = en.lproj/TRISTE.png; sourceTree = "<group>"; };
		1E7718AC1ACD5E15004121D7 /* pt */ = {isa = PBXFileReference; lastKnownFileType = image.png; name = pt; path = pt.lproj/TRISTE.png; sourceTree = "<group>"; };
		1E7718AE1ACD5E1A004121D7 /* Base */ = {isa = PBXFileReference; lastKnownFileType = image.png; name = Base; path = Base.lproj/EMERGENCIA.png; sourceTree = "<group>"; };
		1E7718B01ACD5E1B004121D7 /* en */ = {isa = PBXFileReference; lastKnownFileType = image.png; name = en; path = en.lproj/EMERGENCIA.png; sourceTree = "<group>"; };
		1E7718B11ACD5E1C004121D7 /* pt */ = {isa = PBXFileReference; lastKnownFileType = image.png; name = pt; path = pt.lproj/EMERGENCIA.png; sourceTree = "<group>"; };
		1E7718B31ACD5E20004121D7 /* Base */ = {isa = PBXFileReference; lastKnownFileType = image.png; name = Base; path = Base.lproj/HOSPITAL.png; sourceTree = "<group>"; };
		1E7718B51ACD5E21004121D7 /* en */ = {isa = PBXFileReference; lastKnownFileType = image.png; name = en; path = en.lproj/HOSPITAL.png; sourceTree = "<group>"; };
		1E7718B61ACD5E22004121D7 /* pt */ = {isa = PBXFileReference; lastKnownFileType = image.png; name = pt; path = pt.lproj/HOSPITAL.png; sourceTree = "<group>"; };
		1E7718B81ACD5E25004121D7 /* Base */ = {isa = PBXFileReference; lastKnownFileType = image.png; name = Base; path = Base.lproj/POLICIA.png; sourceTree = "<group>"; };
		1E7718BA1ACD5E26004121D7 /* en */ = {isa = PBXFileReference; lastKnownFileType = image.png; name = en; path = en.lproj/POLICIA.png; sourceTree = "<group>"; };
		1E7718BB1ACD5E28004121D7 /* pt */ = {isa = PBXFileReference; lastKnownFileType = image.png; name = pt; path = pt.lproj/POLICIA.png; sourceTree = "<group>"; };
		1E7718BD1ACD5E2D004121D7 /* Base */ = {isa = PBXFileReference; lastKnownFileType = image.png; name = Base; path = Base.lproj/BARRIGA.png; sourceTree = "<group>"; };
		1E7718BF1ACD5E2E004121D7 /* en */ = {isa = PBXFileReference; lastKnownFileType = image.png; name = en; path = en.lproj/BARRIGA.png; sourceTree = "<group>"; };
		1E7718C01ACD5E2F004121D7 /* pt */ = {isa = PBXFileReference; lastKnownFileType = image.png; name = pt; path = pt.lproj/BARRIGA.png; sourceTree = "<group>"; };
		1E7718C21ACD5E33004121D7 /* Base */ = {isa = PBXFileReference; lastKnownFileType = image.png; name = Base; path = Base.lproj/CABECA.png; sourceTree = "<group>"; };
		1E7718C41ACD5E35004121D7 /* en */ = {isa = PBXFileReference; lastKnownFileType = image.png; name = en; path = en.lproj/CABECA.png; sourceTree = "<group>"; };
		1E7718C51ACD5E35004121D7 /* pt */ = {isa = PBXFileReference; lastKnownFileType = image.png; name = pt; path = pt.lproj/CABECA.png; sourceTree = "<group>"; };
		1E7718C71ACD5E39004121D7 /* Base */ = {isa = PBXFileReference; lastKnownFileType = image.png; name = Base; path = Base.lproj/DOR.png; sourceTree = "<group>"; };
		1E7718C91ACD5E3A004121D7 /* en */ = {isa = PBXFileReference; lastKnownFileType = image.png; name = en; path = en.lproj/DOR.png; sourceTree = "<group>"; };
		1E7718CA1ACD5E3A004121D7 /* pt */ = {isa = PBXFileReference; lastKnownFileType = image.png; name = pt; path = pt.lproj/DOR.png; sourceTree = "<group>"; };
		1E7718CC1ACD5E3E004121D7 /* Base */ = {isa = PBXFileReference; lastKnownFileType = image.png; name = Base; path = Base.lproj/GARGANTA.png; sourceTree = "<group>"; };
		1E7718CE1ACD5E3F004121D7 /* en */ = {isa = PBXFileReference; lastKnownFileType = image.png; name = en; path = en.lproj/GARGANTA.png; sourceTree = "<group>"; };
		1E7718CF1ACD5E40004121D7 /* pt */ = {isa = PBXFileReference; lastKnownFileType = image.png; name = pt; path = pt.lproj/GARGANTA.png; sourceTree = "<group>"; };
		1E7718D11ACD5E48004121D7 /* Base */ = {isa = PBXFileReference; lastKnownFileType = image.png; name = Base; path = Base.lproj/BANANA.png; sourceTree = "<group>"; };
		1E7718D31ACD5E49004121D7 /* en */ = {isa = PBXFileReference; lastKnownFileType = image.png; name = en; path = en.lproj/BANANA.png; sourceTree = "<group>"; };
		1E7718D41ACD5E4A004121D7 /* pt */ = {isa = PBXFileReference; lastKnownFileType = image.png; name = pt; path = pt.lproj/BANANA.png; sourceTree = "<group>"; };
		1E7718D61ACD5E4D004121D7 /* Base */ = {isa = PBXFileReference; lastKnownFileType = image.png; name = Base; path = Base.lproj/COMIDA.png; sourceTree = "<group>"; };
		1E7718D81ACD5E4E004121D7 /* en */ = {isa = PBXFileReference; lastKnownFileType = image.png; name = en; path = en.lproj/COMIDA.png; sourceTree = "<group>"; };
		1E7718D91ACD5E4F004121D7 /* pt */ = {isa = PBXFileReference; lastKnownFileType = image.png; name = pt; path = pt.lproj/COMIDA.png; sourceTree = "<group>"; };
		1E7718DB1ACD5E53004121D7 /* Base */ = {isa = PBXFileReference; lastKnownFileType = image.png; name = Base; path = Base.lproj/PAO.png; sourceTree = "<group>"; };
		1E7718DD1ACD5E54004121D7 /* en */ = {isa = PBXFileReference; lastKnownFileType = image.png; name = en; path = en.lproj/PAO.png; sourceTree = "<group>"; };
		1E7718DE1ACD5E54004121D7 /* pt */ = {isa = PBXFileReference; lastKnownFileType = image.png; name = pt; path = pt.lproj/PAO.png; sourceTree = "<group>"; };
		1E7718E01ACD5E59004121D7 /* Base */ = {isa = PBXFileReference; lastKnownFileType = image.png; name = Base; path = Base.lproj/MACA.png; sourceTree = "<group>"; };
		1E7718E21ACD5E5A004121D7 /* en */ = {isa = PBXFileReference; lastKnownFileType = image.png; name = en; path = en.lproj/MACA.png; sourceTree = "<group>"; };
		1E7718E31ACD5E5A004121D7 /* pt */ = {isa = PBXFileReference; lastKnownFileType = image.png; name = pt; path = pt.lproj/MACA.png; sourceTree = "<group>"; };
		1E7718E51ACD5E60004121D7 /* Base */ = {isa = PBXFileReference; lastKnownFileType = image.png; name = Base; path = Base.lproj/CUMPRIMENTOS.png; sourceTree = "<group>"; };
		1E7718E71ACD5E61004121D7 /* en */ = {isa = PBXFileReference; lastKnownFileType = image.png; name = en; path = en.lproj/CUMPRIMENTOS.png; sourceTree = "<group>"; };
		1E7718E81ACD5E62004121D7 /* pt */ = {isa = PBXFileReference; lastKnownFileType = image.png; name = pt; path = pt.lproj/CUMPRIMENTOS.png; sourceTree = "<group>"; };
		1E7718EA1ACD5E65004121D7 /* Base */ = {isa = PBXFileReference; lastKnownFileType = image.png; name = Base; path = Base.lproj/OI.png; sourceTree = "<group>"; };
		1E7718EC1ACD5E66004121D7 /* en */ = {isa = PBXFileReference; lastKnownFileType = image.png; name = en; path = en.lproj/OI.png; sourceTree = "<group>"; };
		1E7718ED1ACD5E67004121D7 /* pt */ = {isa = PBXFileReference; lastKnownFileType = image.png; name = pt; path = pt.lproj/OI.png; sourceTree = "<group>"; };
		1E7718EF1ACD5E6C004121D7 /* Base */ = {isa = PBXFileReference; lastKnownFileType = image.png; name = Base; path = Base.lproj/TCHAU.png; sourceTree = "<group>"; };
		1E7718F11ACD5E6D004121D7 /* en */ = {isa = PBXFileReference; lastKnownFileType = image.png; name = en; path = en.lproj/TCHAU.png; sourceTree = "<group>"; };
		1E7718F21ACD5E6E004121D7 /* pt */ = {isa = PBXFileReference; lastKnownFileType = image.png; name = pt; path = pt.lproj/TCHAU.png; sourceTree = "<group>"; };
		1E7718F41ACD5E73004121D7 /* Base */ = {isa = PBXFileReference; lastKnownFileType = image.png; name = Base; path = Base.lproj/AGUA.png; sourceTree = "<group>"; };
		1E7718F61ACD5E74004121D7 /* en */ = {isa = PBXFileReference; lastKnownFileType = image.png; name = en; path = en.lproj/AGUA.png; sourceTree = "<group>"; };
		1E7718F71ACD5E75004121D7 /* pt */ = {isa = PBXFileReference; lastKnownFileType = image.png; name = pt; path = pt.lproj/AGUA.png; sourceTree = "<group>"; };
		1E7718F91ACD5E78004121D7 /* Base */ = {isa = PBXFileReference; lastKnownFileType = image.png; name = Base; path = Base.lproj/BEBIDA.png; sourceTree = "<group>"; };
		1E7718FB1ACD5E79004121D7 /* en */ = {isa = PBXFileReference; lastKnownFileType = image.png; name = en; path = en.lproj/BEBIDA.png; sourceTree = "<group>"; };
		1E7718FC1ACD5E7A004121D7 /* pt */ = {isa = PBXFileReference; lastKnownFileType = image.png; name = pt; path = pt.lproj/BEBIDA.png; sourceTree = "<group>"; };
		1E7718FE1ACD5E7D004121D7 /* Base */ = {isa = PBXFileReference; lastKnownFileType = image.png; name = Base; path = Base.lproj/LEITE.png; sourceTree = "<group>"; };
		1E7719001ACD5E7E004121D7 /* en */ = {isa = PBXFileReference; lastKnownFileType = image.png; name = en; path = en.lproj/LEITE.png; sourceTree = "<group>"; };
		1E7719011ACD5E7F004121D7 /* pt */ = {isa = PBXFileReference; lastKnownFileType = image.png; name = pt; path = pt.lproj/LEITE.png; sourceTree = "<group>"; };
		1E7719031ACD5E84004121D7 /* Base */ = {isa = PBXFileReference; lastKnownFileType = image.png; name = Base; path = Base.lproj/REFRIGERANTE.png; sourceTree = "<group>"; };
		1E7719051ACD5E85004121D7 /* en */ = {isa = PBXFileReference; lastKnownFileType = image.png; name = en; path = en.lproj/REFRIGERANTE.png; sourceTree = "<group>"; };
		1E7719061ACD5E86004121D7 /* pt */ = {isa = PBXFileReference; lastKnownFileType = image.png; name = pt; path = pt.lproj/REFRIGERANTE.png; sourceTree = "<group>"; };
		1E7719081ACD5E8A004121D7 /* Base */ = {isa = PBXFileReference; lastKnownFileType = image.png; name = Base; path = Base.lproj/SUCO.png; sourceTree = "<group>"; };
		1E77190A1ACD5E8C004121D7 /* en */ = {isa = PBXFileReference; lastKnownFileType = image.png; name = en; path = en.lproj/SUCO.png; sourceTree = "<group>"; };
		1E77190B1ACD5E8D004121D7 /* pt */ = {isa = PBXFileReference; lastKnownFileType = image.png; name = pt; path = pt.lproj/SUCO.png; sourceTree = "<group>"; };
		1E78C70B1ACC63C1004863DB /* Base */ = {isa = PBXFileReference; lastKnownFileType = image.png; name = Base; path = Base.lproj/category_emotion.png; sourceTree = "<group>"; };
		1E78C70D1ACC63C9004863DB /* en */ = {isa = PBXFileReference; lastKnownFileType = image.png; name = en; path = en.lproj/category_emotion.png; sourceTree = "<group>"; };
		1E78C70E1ACC63CA004863DB /* pt */ = {isa = PBXFileReference; lastKnownFileType = image.png; name = pt; path = pt.lproj/category_emotion.png; sourceTree = "<group>"; };
		1E78C7101ACC652A004863DB /* Base */ = {isa = PBXFileReference; lastKnownFileType = image.png; name = Base; path = Base.lproj/profile.png; sourceTree = "<group>"; };
		1E78C7121ACC652C004863DB /* en */ = {isa = PBXFileReference; lastKnownFileType = image.png; name = en; path = en.lproj/profile.png; sourceTree = "<group>"; };
		1E78C7131ACC652D004863DB /* pt */ = {isa = PBXFileReference; lastKnownFileType = image.png; name = pt; path = pt.lproj/profile.png; sourceTree = "<group>"; };
		1E78C7151ACC6533004863DB /* Base */ = {isa = PBXFileReference; lastKnownFileType = image.png; name = Base; path = Base.lproj/icon_home.png; sourceTree = "<group>"; };
		1E78C7171ACC6534004863DB /* en */ = {isa = PBXFileReference; lastKnownFileType = image.png; name = en; path = en.lproj/icon_home.png; sourceTree = "<group>"; };
		1E78C7181ACC6535004863DB /* pt */ = {isa = PBXFileReference; lastKnownFileType = image.png; name = pt; path = pt.lproj/icon_home.png; sourceTree = "<group>"; };
		1E78C71A1ACC653A004863DB /* Base */ = {isa = PBXFileReference; lastKnownFileType = image.png; name = Base; path = Base.lproj/icon_edit.png; sourceTree = "<group>"; };
		1E78C71C1ACC653B004863DB /* en */ = {isa = PBXFileReference; lastKnownFileType = image.png; name = en; path = en.lproj/icon_edit.png; sourceTree = "<group>"; };
		1E78C71D1ACC653B004863DB /* pt */ = {isa = PBXFileReference; lastKnownFileType = image.png; name = pt; path = pt.lproj/icon_edit.png; sourceTree = "<group>"; };
		1E78C71F1ACC6543004863DB /* Base */ = {isa = PBXFileReference; lastKnownFileType = image.png; name = Base; path = Base.lproj/left_arrow.png; sourceTree = "<group>"; };
		1E78C7211ACC6544004863DB /* en */ = {isa = PBXFileReference; lastKnownFileType = image.png; name = en; path = en.lproj/left_arrow.png; sourceTree = "<group>"; };
		1E78C7221ACC6545004863DB /* pt */ = {isa = PBXFileReference; lastKnownFileType = image.png; name = pt; path = pt.lproj/left_arrow.png; sourceTree = "<group>"; };
		1E78C7241ACC654A004863DB /* Base */ = {isa = PBXFileReference; lastKnownFileType = image.png; name = Base; path = Base.lproj/right_arrow.png; sourceTree = "<group>"; };
		1E78C7261ACC654B004863DB /* en */ = {isa = PBXFileReference; lastKnownFileType = image.png; name = en; path = en.lproj/right_arrow.png; sourceTree = "<group>"; };
		1E78C7271ACC654B004863DB /* pt */ = {isa = PBXFileReference; lastKnownFileType = image.png; name = pt; path = pt.lproj/right_arrow.png; sourceTree = "<group>"; };
		1ECD4B3F1ACAFB3000B41C8C /* en */ = {isa = PBXFileReference; lastKnownFileType = text.plist.strings; name = en; path = en.lproj/Main.strings; sourceTree = "<group>"; };
		1ECD4B401ACB021400B41C8C /* AphasiaElement.h */ = {isa = PBXFileReference; fileEncoding = 4; lastKnownFileType = sourcecode.c.h; path = AphasiaElement.h; sourceTree = "<group>"; };
		1ECD4B411ACB021400B41C8C /* AphasiaElement.m */ = {isa = PBXFileReference; fileEncoding = 4; lastKnownFileType = sourcecode.c.objc; path = AphasiaElement.m; sourceTree = "<group>"; };
		1EEAF0181AC4943D00923593 /* Settings.bundle */ = {isa = PBXFileReference; lastKnownFileType = "wrapper.plug-in"; path = Settings.bundle; sourceTree = "<group>"; };
		1EFBDFD71ACC737B00746419 /* Base */ = {isa = PBXFileReference; lastKnownFileType = text.plist.strings; name = Base; path = Base.lproj/Localizable.strings; sourceTree = "<group>"; };
		7A5D54A51ACCC71B0093405A /* CoreGraphics.framework */ = {isa = PBXFileReference; lastKnownFileType = wrapper.framework; name = CoreGraphics.framework; path = System/Library/Frameworks/CoreGraphics.framework; sourceTree = SDKROOT; };
		7A5D54A71ACCC7310093405A /* UIKit.framework */ = {isa = PBXFileReference; lastKnownFileType = wrapper.framework; name = UIKit.framework; path = System/Library/Frameworks/UIKit.framework; sourceTree = SDKROOT; };
		7A5D54A91ACCC7470093405A /* AVFoundation.framework */ = {isa = PBXFileReference; lastKnownFileType = wrapper.framework; name = AVFoundation.framework; path = System/Library/Frameworks/AVFoundation.framework; sourceTree = SDKROOT; };
		7A5D54AB1ACCC7500093405A /* Foundation.framework */ = {isa = PBXFileReference; lastKnownFileType = wrapper.framework; name = Foundation.framework; path = System/Library/Frameworks/Foundation.framework; sourceTree = SDKROOT; };
		7A5D54B11ACD035A0093405A /* Images.xcassets */ = {isa = PBXFileReference; lastKnownFileType = folder.assetcatalog; path = Images.xcassets; sourceTree = "<group>"; };
		7A620C821AC8AF4F0038C4EA /* TableViewController.h */ = {isa = PBXFileReference; fileEncoding = 4; lastKnownFileType = sourcecode.c.h; path = TableViewController.h; sourceTree = "<group>"; };
		7A620C831AC8AF4F0038C4EA /* TableViewController.m */ = {isa = PBXFileReference; fileEncoding = 4; lastKnownFileType = sourcecode.c.objc; path = TableViewController.m; sourceTree = "<group>"; };
		7A620C881AC8B22A0038C4EA /* TableViewCell.h */ = {isa = PBXFileReference; fileEncoding = 4; lastKnownFileType = sourcecode.c.h; name = TableViewCell.h; path = ../TableViewCell.h; sourceTree = "<group>"; };
		7A620C891AC8B22A0038C4EA /* TableViewCell.m */ = {isa = PBXFileReference; fileEncoding = 4; lastKnownFileType = sourcecode.c.objc; name = TableViewCell.m; path = ../TableViewCell.m; sourceTree = "<group>"; };
		7A620C971AC8BC150038C4EA /* DetailsViewController.h */ = {isa = PBXFileReference; fileEncoding = 4; lastKnownFileType = sourcecode.c.h; path = DetailsViewController.h; sourceTree = "<group>"; };
		7A620C981AC8BC150038C4EA /* DetailsViewController.m */ = {isa = PBXFileReference; fileEncoding = 4; lastKnownFileType = sourcecode.c.objc; path = DetailsViewController.m; sourceTree = "<group>"; };
		EB0713EE1AC330DF002B9645 /* Base */ = {isa = PBXFileReference; lastKnownFileType = file; name = Base; path = Base.lproj/audio0.m4a; sourceTree = "<group>"; };
		EB0713F01AC330E0002B9645 /* pt */ = {isa = PBXFileReference; lastKnownFileType = file; name = pt; path = pt.lproj/audio0.m4a; sourceTree = "<group>"; };
		EB0713F11AC330E1002B9645 /* en */ = {isa = PBXFileReference; lastKnownFileType = file; name = en; path = en.lproj/audio0.m4a; sourceTree = "<group>"; };
		EB0713F61AC3325E002B9645 /* MainMenuViewController.h */ = {isa = PBXFileReference; fileEncoding = 4; lastKnownFileType = sourcecode.c.h; path = MainMenuViewController.h; sourceTree = "<group>"; };
		EB0713F71AC3325E002B9645 /* MainMenuViewController.m */ = {isa = PBXFileReference; fileEncoding = 4; lastKnownFileType = sourcecode.c.objc; path = MainMenuViewController.m; sourceTree = "<group>"; };
		EB1D77631ACC32B40045E2C7 /* BoardViewerCell.h */ = {isa = PBXFileReference; fileEncoding = 4; lastKnownFileType = sourcecode.c.h; path = BoardViewerCell.h; sourceTree = "<group>"; };
		EB1D77641ACC32B40045E2C7 /* BoardViewerCell.m */ = {isa = PBXFileReference; fileEncoding = 4; lastKnownFileType = sourcecode.c.objc; path = BoardViewerCell.m; sourceTree = "<group>"; };
		EB398FF91AC597380099BD07 /* ImagesCollection.h */ = {isa = PBXFileReference; fileEncoding = 4; lastKnownFileType = sourcecode.c.h; path = ImagesCollection.h; sourceTree = "<group>"; };
		EB398FFA1AC597380099BD07 /* ImagesCollection.m */ = {isa = PBXFileReference; fileEncoding = 4; lastKnownFileType = sourcecode.c.objc; path = ImagesCollection.m; sourceTree = "<group>"; };
		EB45BBB21AC31F95005CE9BE /* pt */ = {isa = PBXFileReference; lastKnownFileType = text.plist.strings; name = pt; path = pt.lproj/Main.strings; sourceTree = "<group>"; };
		EB45BBB31AC31F95005CE9BE /* pt */ = {isa = PBXFileReference; lastKnownFileType = text.plist.strings; name = pt; path = pt.lproj/LaunchScreen.strings; sourceTree = "<group>"; };
		EB45BBB71AC321B3005CE9BE /* en */ = {isa = PBXFileReference; lastKnownFileType = text.plist.strings; name = en; path = en.lproj/Localizable.strings; sourceTree = "<group>"; };
		EB45BBB91AC321C8005CE9BE /* pt */ = {isa = PBXFileReference; lastKnownFileType = text.plist.strings; name = pt; path = pt.lproj/Localizable.strings; sourceTree = "<group>"; };
		EB5367311AC1E4290000B7F3 /* Aphasia.app */ = {isa = PBXFileReference; explicitFileType = wrapper.application; includeInIndex = 0; path = Aphasia.app; sourceTree = BUILT_PRODUCTS_DIR; };
		EB5367351AC1E4290000B7F3 /* Info.plist */ = {isa = PBXFileReference; lastKnownFileType = text.plist.xml; path = Info.plist; sourceTree = "<group>"; };
		EB5367361AC1E4290000B7F3 /* main.m */ = {isa = PBXFileReference; lastKnownFileType = sourcecode.c.objc; path = main.m; sourceTree = "<group>"; };
		EB5367381AC1E4290000B7F3 /* AppDelegate.h */ = {isa = PBXFileReference; lastKnownFileType = sourcecode.c.h; path = AppDelegate.h; sourceTree = "<group>"; };
		EB5367391AC1E4290000B7F3 /* AppDelegate.m */ = {isa = PBXFileReference; lastKnownFileType = sourcecode.c.objc; path = AppDelegate.m; sourceTree = "<group>"; };
		EB53673B1AC1E4290000B7F3 /* GetStartedViewController.h */ = {isa = PBXFileReference; lastKnownFileType = sourcecode.c.h; name = GetStartedViewController.h; path = Aphasia/GetStartedViewController.h; sourceTree = "<group>"; };
		EB53673C1AC1E4290000B7F3 /* GetStartedViewController.m */ = {isa = PBXFileReference; lastKnownFileType = sourcecode.c.objc; name = GetStartedViewController.m; path = Aphasia/GetStartedViewController.m; sourceTree = "<group>"; };
		EB53673F1AC1E4290000B7F3 /* Base */ = {isa = PBXFileReference; lastKnownFileType = file.storyboard; name = Base; path = Base.lproj/Main.storyboard; sourceTree = "<group>"; };
		EB5367441AC1E4290000B7F3 /* Base */ = {isa = PBXFileReference; lastKnownFileType = file.xib; name = Base; path = Base.lproj/LaunchScreen.xib; sourceTree = "<group>"; };
		EB53674A1AC1E4290000B7F3 /* AphasiaTests.xctest */ = {isa = PBXFileReference; explicitFileType = wrapper.cfbundle; includeInIndex = 0; path = AphasiaTests.xctest; sourceTree = BUILT_PRODUCTS_DIR; };
		EB53674F1AC1E4290000B7F3 /* Info.plist */ = {isa = PBXFileReference; lastKnownFileType = text.plist.xml; path = Info.plist; sourceTree = "<group>"; };
		EB5367501AC1E4290000B7F3 /* AphasiaTests.m */ = {isa = PBXFileReference; lastKnownFileType = sourcecode.c.objc; path = AphasiaTests.m; sourceTree = "<group>"; };
		EB8401791AC9E91A00BF73EF /* BoardStructureNode.h */ = {isa = PBXFileReference; fileEncoding = 4; lastKnownFileType = sourcecode.c.h; path = BoardStructureNode.h; sourceTree = "<group>"; };
		EB84017A1AC9E91A00BF73EF /* BoardStructureNode.m */ = {isa = PBXFileReference; fileEncoding = 4; lastKnownFileType = sourcecode.c.objc; path = BoardStructureNode.m; sourceTree = "<group>"; };
		EBB11D1D1AC5F9E70030B387 /* BoardViewerViewController.h */ = {isa = PBXFileReference; fileEncoding = 4; lastKnownFileType = sourcecode.c.h; path = BoardViewerViewController.h; sourceTree = "<group>"; };
		EBB11D1E1AC5F9E70030B387 /* BoardViewerViewController.m */ = {isa = PBXFileReference; fileEncoding = 4; lastKnownFileType = sourcecode.c.objc; path = BoardViewerViewController.m; sourceTree = "<group>"; };
		EBC0DC951AC47D4000B924E3 /* ImageCell.xib */ = {isa = PBXFileReference; fileEncoding = 4; lastKnownFileType = file.xib; path = ImageCell.xib; sourceTree = "<group>"; };
/* End PBXFileReference section */

/* Begin PBXFrameworksBuildPhase section */
		EB53672E1AC1E4290000B7F3 /* Frameworks */ = {
			isa = PBXFrameworksBuildPhase;
			buildActionMask = 2147483647;
			files = (
			);
			runOnlyForDeploymentPostprocessing = 0;
		};
		EB5367471AC1E4290000B7F3 /* Frameworks */ = {
			isa = PBXFrameworksBuildPhase;
			buildActionMask = 2147483647;
			files = (
			);
			runOnlyForDeploymentPostprocessing = 0;
		};
/* End PBXFrameworksBuildPhase section */

/* Begin PBXGroup section */
		1E7718051ACD5D34004121D7 /* bebida */ = {
			isa = PBXGroup;
			children = (
				1E7718F51ACD5E73004121D7 /* AGUA.png */,
				1E7718FA1ACD5E78004121D7 /* BEBIDA.png */,
				1E7718FF1ACD5E7D004121D7 /* LEITE.png */,
				1E7719041ACD5E84004121D7 /* REFRIGERANTE.png */,
				1E7719091ACD5E8A004121D7 /* SUCO.png */,
			);
			path = bebida;
			sourceTree = "<group>";
		};
		1E7718191ACD5D4A004121D7 /* cumprimentos */ = {
			isa = PBXGroup;
			children = (
				1E7718E61ACD5E60004121D7 /* CUMPRIMENTOS.png */,
				1E7718EB1ACD5E65004121D7 /* OI.png */,
				1E7718F01ACD5E6C004121D7 /* TCHAU.png */,
			);
			path = cumprimentos;
			sourceTree = "<group>";
		};
		1E7718201ACD5D56004121D7 /* comida */ = {
			isa = PBXGroup;
			children = (
				1E7718D21ACD5E48004121D7 /* BANANA.png */,
				1E7718D71ACD5E4D004121D7 /* COMIDA.png */,
				1E7718E11ACD5E59004121D7 /* MACA.png */,
				1E7718DC1ACD5E53004121D7 /* PAO.png */,
			);
			path = comida;
			sourceTree = "<group>";
		};
		1E7718291ACD5D61004121D7 /* dor */ = {
			isa = PBXGroup;
			children = (
				1E7718BE1ACD5E2D004121D7 /* BARRIGA.png */,
				1E7718C31ACD5E33004121D7 /* CABECA.png */,
				1E7718C81ACD5E39004121D7 /* DOR.png */,
				1E7718CD1ACD5E3E004121D7 /* GARGANTA.png */,
			);
			path = dor;
			sourceTree = "<group>";
		};
		1E7718321ACD5D67004121D7 /* emergencia */ = {
			isa = PBXGroup;
			children = (
				1E7718AF1ACD5E1A004121D7 /* EMERGENCIA.png */,
				1E7718B41ACD5E20004121D7 /* HOSPITAL.png */,
				1E7718B91ACD5E25004121D7 /* POLICIA.png */,
			);
			path = emergencia;
			sourceTree = "<group>";
		};
		1E7718391ACD5D6D004121D7 /* emocoes */ = {
			isa = PBXGroup;
			children = (
				1E77189B1ACD5DFD004121D7 /* DOENTE.png */,
				1E7718A01ACD5E04004121D7 /* EMOCOES.png */,
				1E7718A51ACD5E0D004121D7 /* FELIZ.png */,
				1E7718AA1ACD5E13004121D7 /* TRISTE.png */,
			);
			path = emocoes;
			sourceTree = "<group>";
		};
		1E7718421ACD5D73004121D7 /* eu */ = {
			isa = PBXGroup;
			children = (
				1E77185F1ACD5D9D004121D7 /* BEBER.png */,
				1E7718641ACD5DA5004121D7 /* COMER.png */,
				1E7718691ACD5DAC004121D7 /* EU.png */,
				1E77186E1ACD5DB9004121D7 /* MENINO.png */,
				1E7718731ACD5DBF004121D7 /* QUERO.png */,
			);
			path = eu;
			sourceTree = "<group>";
		};
		1E77184D1ACD5D7A004121D7 /* necessidades pessoais */ = {
			isa = PBXGroup;
			children = (
				1E7718821ACD5DDD004121D7 /* BANHEIRO.png */,
				1E7718871ACD5DE3004121D7 /* ESCOVAR_DENTES.png */,
				1E77188C1ACD5DE8004121D7 /* LAVAR_MAOS.png */,
				1E7718911ACD5DEE004121D7 /* NECESSIDADES_PESSOAIS.png */,
				1E7718961ACD5DF3004121D7 /* TOMAR_BANHO.png */,
			);
			path = "necessidades pessoais";
			sourceTree = "<group>";
		};
		1E7718581ACD5D80004121D7 /* perguntas */ = {
			isa = PBXGroup;
			children = (
				1E7718781ACD5DCB004121D7 /* HORAS.png */,
				1E77187D1ACD5DD2004121D7 /* PERGUNTAS.png */,
			);
			path = perguntas;
			sourceTree = "<group>";
		};
		1ECD4B3D1ACAF7FA00B41C8C /* Cell */ = {
			isa = PBXGroup;
			children = (
				7A620C881AC8B22A0038C4EA /* TableViewCell.h */,
				7A620C891AC8B22A0038C4EA /* TableViewCell.m */,
				EB1D77631ACC32B40045E2C7 /* BoardViewerCell.h */,
				EB1D77641ACC32B40045E2C7 /* BoardViewerCell.m */,
			);
			name = Cell;
			sourceTree = "<group>";
		};
		7A5D54AD1ACCC7B70093405A /* Frameworks */ = {
			isa = PBXGroup;
			children = (
				7A5D54AB1ACCC7500093405A /* Foundation.framework */,
				7A5D54A91ACCC7470093405A /* AVFoundation.framework */,
				7A5D54A71ACCC7310093405A /* UIKit.framework */,
				7A5D54A51ACCC71B0093405A /* CoreGraphics.framework */,
			);
			name = Frameworks;
			sourceTree = "<group>";
		};
		EB0713E41AC32CBE002B9645 /* Images */ = {
			isa = PBXGroup;
			children = (
				1E7718051ACD5D34004121D7 /* bebida */,
				1E7718201ACD5D56004121D7 /* comida */,
				1E7718421ACD5D73004121D7 /* eu */,
				1E7718581ACD5D80004121D7 /* perguntas */,
				1E77184D1ACD5D7A004121D7 /* necessidades pessoais */,
				1E7718391ACD5D6D004121D7 /* emocoes */,
				1E7718321ACD5D67004121D7 /* emergencia */,
				1E7718291ACD5D61004121D7 /* dor */,
				1E7718191ACD5D4A004121D7 /* cumprimentos */,
				1D2C49551ACC8ED40046E3F7 /* addphoto.png */,
				1E78C71B1ACC653A004863DB /* icon_edit.png */,
				1E78C7161ACC6533004863DB /* icon_home.png */,
				1E78C70C1ACC63C1004863DB /* category_emotion.png */,
				1E78C7201ACC6543004863DB /* left_arrow.png */,
				1E78C7251ACC654A004863DB /* right_arrow.png */,
				1E78C7111ACC652A004863DB /* profile.png */,
			);
			name = Images;
			path = ..;
			sourceTree = "<group>";
		};
		EB0713EC1AC3308F002B9645 /* Audio */ = {
			isa = PBXGroup;
			children = (
				EB0713EF1AC330DF002B9645 /* audio0.m4a */,
			);
			name = Audio;
			path = ..;
			sourceTree = "<group>";
		};
		EB0713F51AC33215002B9645 /* ViewControllers */ = {
			isa = PBXGroup;
			children = (
				7A620C821AC8AF4F0038C4EA /* TableViewController.h */,
				7A620C831AC8AF4F0038C4EA /* TableViewController.m */,
				7A620C971AC8BC150038C4EA /* DetailsViewController.h */,
				7A620C981AC8BC150038C4EA /* DetailsViewController.m */,
				1DB189DF1AC9BCE500D8EE69 /* AddCategoryViewController.h */,
				1DB189E01AC9BCE500D8EE69 /* AddCategoryViewController.m */,
				EBB11D1D1AC5F9E70030B387 /* BoardViewerViewController.h */,
				EBB11D1E1AC5F9E70030B387 /* BoardViewerViewController.m */,
				EB53673B1AC1E4290000B7F3 /* GetStartedViewController.h */,
				EB53673C1AC1E4290000B7F3 /* GetStartedViewController.m */,
				EB0713F61AC3325E002B9645 /* MainMenuViewController.h */,
				EB0713F71AC3325E002B9645 /* MainMenuViewController.m */,
			);
			name = ViewControllers;
			path = ..;
			sourceTree = "<group>";
		};
		EB398FF81AC596DC0099BD07 /* Model */ = {
			isa = PBXGroup;
			children = (
				EB8401791AC9E91A00BF73EF /* BoardStructureNode.h */,
				EB84017A1AC9E91A00BF73EF /* BoardStructureNode.m */,
				EB398FF91AC597380099BD07 /* ImagesCollection.h */,
				EB398FFA1AC597380099BD07 /* ImagesCollection.m */,
				1DB189E21AC9D30400D8EE69 /* StoredData.h */,
				1DB189E31AC9D30400D8EE69 /* StoredData.m */,
				1DB189E51AC9D54700D8EE69 /* AphasiaCategory.h */,
				1DB189E61AC9D54700D8EE69 /* AphasiaCategory.m */,
				1ECD4B401ACB021400B41C8C /* AphasiaElement.h */,
				1ECD4B411ACB021400B41C8C /* AphasiaElement.m */,
			);
			name = Model;
			path = ..;
			sourceTree = "<group>";
		};
		EB5367281AC1E4290000B7F3 = {
			isa = PBXGroup;
			children = (
				1EEAF0181AC4943D00923593 /* Settings.bundle */,
				EB5367331AC1E4290000B7F3 /* Aphasia */,
				EB53674D1AC1E4290000B7F3 /* AphasiaTests */,
				EB5367321AC1E4290000B7F3 /* Products */,
				7A5D54AD1ACCC7B70093405A /* Frameworks */,
			);
			sourceTree = "<group>";
		};
		EB5367321AC1E4290000B7F3 /* Products */ = {
			isa = PBXGroup;
			children = (
				EB5367311AC1E4290000B7F3 /* Aphasia.app */,
				EB53674A1AC1E4290000B7F3 /* AphasiaTests.xctest */,
			);
			name = Products;
			sourceTree = "<group>";
		};
		EB5367331AC1E4290000B7F3 /* Aphasia */ = {
			isa = PBXGroup;
			children = (
				1ECD4B3D1ACAF7FA00B41C8C /* Cell */,
				EB398FF81AC596DC0099BD07 /* Model */,
				EB0713F51AC33215002B9645 /* ViewControllers */,
				EB5367381AC1E4290000B7F3 /* AppDelegate.h */,
				EB5367391AC1E4290000B7F3 /* AppDelegate.m */,
				EB53673E1AC1E4290000B7F3 /* Main.storyboard */,
				EBC0DC951AC47D4000B924E3 /* ImageCell.xib */,
				EB5367431AC1E4290000B7F3 /* LaunchScreen.xib */,
				7A5D54B11ACD035A0093405A /* Images.xcassets */,
				EB5367341AC1E4290000B7F3 /* Supporting Files */,
			);
			path = Aphasia;
			sourceTree = "<group>";
		};
		EB5367341AC1E4290000B7F3 /* Supporting Files */ = {
			isa = PBXGroup;
			children = (
				EB0713EC1AC3308F002B9645 /* Audio */,
				EB0713E41AC32CBE002B9645 /* Images */,
				EB45BBB81AC321B3005CE9BE /* Localizable.strings */,
				EB5367351AC1E4290000B7F3 /* Info.plist */,
				EB5367361AC1E4290000B7F3 /* main.m */,
			);
			name = "Supporting Files";
			sourceTree = "<group>";
		};
		EB53674D1AC1E4290000B7F3 /* AphasiaTests */ = {
			isa = PBXGroup;
			children = (
				EB5367501AC1E4290000B7F3 /* AphasiaTests.m */,
				EB53674E1AC1E4290000B7F3 /* Supporting Files */,
			);
			path = AphasiaTests;
			sourceTree = "<group>";
		};
		EB53674E1AC1E4290000B7F3 /* Supporting Files */ = {
			isa = PBXGroup;
			children = (
				EB53674F1AC1E4290000B7F3 /* Info.plist */,
			);
			name = "Supporting Files";
			sourceTree = "<group>";
		};
/* End PBXGroup section */

/* Begin PBXNativeTarget section */
		EB5367301AC1E4290000B7F3 /* Aphasia */ = {
			isa = PBXNativeTarget;
			buildConfigurationList = EB5367541AC1E4290000B7F3 /* Build configuration list for PBXNativeTarget "Aphasia" */;
			buildPhases = (
				EB53672D1AC1E4290000B7F3 /* Sources */,
				EB53672E1AC1E4290000B7F3 /* Frameworks */,
				EB53672F1AC1E4290000B7F3 /* Resources */,
			);
			buildRules = (
			);
			dependencies = (
			);
			name = Aphasia;
			productName = Aphasia;
			productReference = EB5367311AC1E4290000B7F3 /* Aphasia.app */;
			productType = "com.apple.product-type.application";
		};
		EB5367491AC1E4290000B7F3 /* AphasiaTests */ = {
			isa = PBXNativeTarget;
			buildConfigurationList = EB5367571AC1E4290000B7F3 /* Build configuration list for PBXNativeTarget "AphasiaTests" */;
			buildPhases = (
				EB5367461AC1E4290000B7F3 /* Sources */,
				EB5367471AC1E4290000B7F3 /* Frameworks */,
				EB5367481AC1E4290000B7F3 /* Resources */,
			);
			buildRules = (
			);
			dependencies = (
				EB53674C1AC1E4290000B7F3 /* PBXTargetDependency */,
			);
			name = AphasiaTests;
			productName = AphasiaTests;
			productReference = EB53674A1AC1E4290000B7F3 /* AphasiaTests.xctest */;
			productType = "com.apple.product-type.bundle.unit-test";
		};
/* End PBXNativeTarget section */

/* Begin PBXProject section */
		EB5367291AC1E4290000B7F3 /* Project object */ = {
			isa = PBXProject;
			attributes = {
				LastUpgradeCheck = 0620;
				ORGANIZATIONNAME = "B-B-BOOM!";
				TargetAttributes = {
					EB5367301AC1E4290000B7F3 = {
						CreatedOnToolsVersion = 6.2;
						DevelopmentTeam = AN2448FN23;
					};
					EB5367491AC1E4290000B7F3 = {
						CreatedOnToolsVersion = 6.2;
						DevelopmentTeam = 4ZX95MT4F7;
						TestTargetID = EB5367301AC1E4290000B7F3;
					};
				};
			};
			buildConfigurationList = EB53672C1AC1E4290000B7F3 /* Build configuration list for PBXProject "Aphasia" */;
			compatibilityVersion = "Xcode 3.2";
			developmentRegion = English;
			hasScannedForEncodings = 0;
			knownRegions = (
				en,
				Base,
				pt,
			);
			mainGroup = EB5367281AC1E4290000B7F3;
			productRefGroup = EB5367321AC1E4290000B7F3 /* Products */;
			projectDirPath = "";
			projectRoot = "";
			targets = (
				EB5367301AC1E4290000B7F3 /* Aphasia */,
				EB5367491AC1E4290000B7F3 /* AphasiaTests */,
			);
		};
/* End PBXProject section */

/* Begin PBXResourcesBuildPhase section */
		EB53672F1AC1E4290000B7F3 /* Resources */ = {
			isa = PBXResourcesBuildPhase;
			buildActionMask = 2147483647;
			files = (
				1E7718671ACD5DAC004121D7 /* EU.png in Resources */,
				1E7718711ACD5DBF004121D7 /* QUERO.png in Resources */,
				1E7718991ACD5DFD004121D7 /* DOENTE.png in Resources */,
				1EEAF0191AC4943D00923593 /* Settings.bundle in Resources */,
				1E7718E91ACD5E65004121D7 /* OI.png in Resources */,
				1E7718C11ACD5E33004121D7 /* CABECA.png in Resources */,
				1E7718BC1ACD5E2D004121D7 /* BARRIGA.png in Resources */,
				EB5367401AC1E4290000B7F3 /* Main.storyboard in Resources */,
				1E78C70A1ACC63C1004863DB /* category_emotion.png in Resources */,
				1E7718EE1ACD5E6C004121D7 /* TCHAU.png in Resources */,
				1E7718D51ACD5E4D004121D7 /* COMIDA.png in Resources */,
				1E7718F81ACD5E78004121D7 /* BEBIDA.png in Resources */,
				1D2C49531ACC8ED40046E3F7 /* addphoto.png in Resources */,
				1E77188A1ACD5DE8004121D7 /* LAVAR_MAOS.png in Resources */,
				1E78C7231ACC654A004863DB /* right_arrow.png in Resources */,
				1E7718941ACD5DF3004121D7 /* TOMAR_BANHO.png in Resources */,
				1E7719021ACD5E84004121D7 /* REFRIGERANTE.png in Resources */,
				EB45BBB61AC321B3005CE9BE /* Localizable.strings in Resources */,
				1E7719071ACD5E8A004121D7 /* SUCO.png in Resources */,
				1E7718621ACD5DA5004121D7 /* COMER.png in Resources */,
				1E7718C61ACD5E39004121D7 /* DOR.png in Resources */,
				1E78C70F1ACC652A004863DB /* profile.png in Resources */,
				1E78C7141ACC6533004863DB /* icon_home.png in Resources */,
				1E7718CB1ACD5E3E004121D7 /* GARGANTA.png in Resources */,
				1E7718F31ACD5E73004121D7 /* AGUA.png in Resources */,
				1E77188F1ACD5DEE004121D7 /* NECESSIDADES_PESSOAIS.png in Resources */,
				1E7718E41ACD5E60004121D7 /* CUMPRIMENTOS.png in Resources */,
				1E7718801ACD5DDD004121D7 /* BANHEIRO.png in Resources */,
				1E7718DA1ACD5E53004121D7 /* PAO.png in Resources */,
				1E78C7191ACC653A004863DB /* icon_edit.png in Resources */,
				1E7718A31ACD5E0D004121D7 /* FELIZ.png in Resources */,
				1E7718AD1ACD5E1A004121D7 /* EMERGENCIA.png in Resources */,
				1E77185D1ACD5D9D004121D7 /* BEBER.png in Resources */,
				EB5E61231ACD825B0033B262 /* ImageCell.xib in Resources */,
				7A5D54B21ACD035A0093405A /* Images.xcassets in Resources */,
				1E7718D01ACD5E48004121D7 /* BANANA.png in Resources */,
				1E7718A81ACD5E13004121D7 /* TRISTE.png in Resources */,
				1E7718B21ACD5E20004121D7 /* HOSPITAL.png in Resources */,
				1E78C71E1ACC6543004863DB /* left_arrow.png in Resources */,
				1E7718DF1ACD5E59004121D7 /* MACA.png in Resources */,
				1E77186C1ACD5DB9004121D7 /* MENINO.png in Resources */,
				1E77187B1ACD5DD2004121D7 /* PERGUNTAS.png in Resources */,
				EB5367451AC1E4290000B7F3 /* LaunchScreen.xib in Resources */,
				1E7718851ACD5DE3004121D7 /* ESCOVAR_DENTES.png in Resources */,
				1E7718761ACD5DCB004121D7 /* HORAS.png in Resources */,
				1E77189E1ACD5E04004121D7 /* EMOCOES.png in Resources */,
				1E7718FD1ACD5E7D004121D7 /* LEITE.png in Resources */,
				1E7718B71ACD5E25004121D7 /* POLICIA.png in Resources */,
			);
			runOnlyForDeploymentPostprocessing = 0;
		};
		EB5367481AC1E4290000B7F3 /* Resources */ = {
			isa = PBXResourcesBuildPhase;
			buildActionMask = 2147483647;
			files = (
			);
			runOnlyForDeploymentPostprocessing = 0;
		};
/* End PBXResourcesBuildPhase section */

/* Begin PBXSourcesBuildPhase section */
		EB53672D1AC1E4290000B7F3 /* Sources */ = {
			isa = PBXSourcesBuildPhase;
			buildActionMask = 2147483647;
			files = (
				EB398FFB1AC597380099BD07 /* ImagesCollection.m in Sources */,
				EB0713F81AC3325E002B9645 /* MainMenuViewController.m in Sources */,
				EB53673D1AC1E4290000B7F3 /* GetStartedViewController.m in Sources */,
				EB84017B1AC9E91A00BF73EF /* BoardStructureNode.m in Sources */,
				EB53673A1AC1E4290000B7F3 /* AppDelegate.m in Sources */,
				EB5367371AC1E4290000B7F3 /* main.m in Sources */,
				1DB189E41AC9D30400D8EE69 /* StoredData.m in Sources */,
				7A620C8A1AC8B22A0038C4EA /* TableViewCell.m in Sources */,
				1DB189E71AC9D54700D8EE69 /* AphasiaCategory.m in Sources */,
				EB1D77651ACC32B40045E2C7 /* BoardViewerCell.m in Sources */,
				7A620C991AC8BC150038C4EA /* DetailsViewController.m in Sources */,
				1ECD4B421ACB021400B41C8C /* AphasiaElement.m in Sources */,
				7A620C841AC8AF500038C4EA /* TableViewController.m in Sources */,
				1DB189E11AC9BCE500D8EE69 /* AddCategoryViewController.m in Sources */,
				EBB11D1F1AC5F9E70030B387 /* BoardViewerViewController.m in Sources */,
			);
			runOnlyForDeploymentPostprocessing = 0;
		};
		EB5367461AC1E4290000B7F3 /* Sources */ = {
			isa = PBXSourcesBuildPhase;
			buildActionMask = 2147483647;
			files = (
				EB5367511AC1E4290000B7F3 /* AphasiaTests.m in Sources */,
			);
			runOnlyForDeploymentPostprocessing = 0;
		};
/* End PBXSourcesBuildPhase section */

/* Begin PBXTargetDependency section */
		EB53674C1AC1E4290000B7F3 /* PBXTargetDependency */ = {
			isa = PBXTargetDependency;
			target = EB5367301AC1E4290000B7F3 /* Aphasia */;
			targetProxy = EB53674B1AC1E4290000B7F3 /* PBXContainerItemProxy */;
		};
/* End PBXTargetDependency section */

/* Begin PBXVariantGroup section */
		1D2C49551ACC8ED40046E3F7 /* addphoto.png */ = {
			isa = PBXVariantGroup;
			children = (
				1D2C49541ACC8ED40046E3F7 /* Base */,
				1D2C49561ACC8ED60046E3F7 /* en */,
				1D2C49571ACC8ED70046E3F7 /* pt */,
			);
			name = addphoto.png;
			sourceTree = "<group>";
		};
		1E77185F1ACD5D9D004121D7 /* BEBER.png */ = {
			isa = PBXVariantGroup;
			children = (
				1E77185E1ACD5D9D004121D7 /* Base */,
				1E7718601ACD5D9F004121D7 /* en */,
				1E7718611ACD5D9F004121D7 /* pt */,
			);
			name = BEBER.png;
			sourceTree = "<group>";
		};
		1E7718641ACD5DA5004121D7 /* COMER.png */ = {
			isa = PBXVariantGroup;
			children = (
				1E7718631ACD5DA5004121D7 /* Base */,
				1E7718651ACD5DA7004121D7 /* en */,
				1E7718661ACD5DA7004121D7 /* pt */,
			);
			name = COMER.png;
			sourceTree = "<group>";
		};
		1E7718691ACD5DAC004121D7 /* EU.png */ = {
			isa = PBXVariantGroup;
			children = (
				1E7718681ACD5DAC004121D7 /* Base */,
				1E77186A1ACD5DAD004121D7 /* en */,
				1E77186B1ACD5DAD004121D7 /* pt */,
			);
			name = EU.png;
			sourceTree = "<group>";
		};
		1E77186E1ACD5DB9004121D7 /* MENINO.png */ = {
			isa = PBXVariantGroup;
			children = (
				1E77186D1ACD5DB9004121D7 /* Base */,
				1E77186F1ACD5DBA004121D7 /* en */,
				1E7718701ACD5DBB004121D7 /* pt */,
			);
			name = MENINO.png;
			sourceTree = "<group>";
		};
		1E7718731ACD5DBF004121D7 /* QUERO.png */ = {
			isa = PBXVariantGroup;
			children = (
				1E7718721ACD5DBF004121D7 /* Base */,
				1E7718741ACD5DC1004121D7 /* en */,
				1E7718751ACD5DC3004121D7 /* pt */,
			);
			name = QUERO.png;
			sourceTree = "<group>";
		};
		1E7718781ACD5DCB004121D7 /* HORAS.png */ = {
			isa = PBXVariantGroup;
			children = (
				1E7718771ACD5DCB004121D7 /* Base */,
				1E7718791ACD5DCC004121D7 /* en */,
				1E77187A1ACD5DCD004121D7 /* pt */,
			);
			name = HORAS.png;
			sourceTree = "<group>";
		};
		1E77187D1ACD5DD2004121D7 /* PERGUNTAS.png */ = {
			isa = PBXVariantGroup;
			children = (
				1E77187C1ACD5DD2004121D7 /* Base */,
				1E77187E1ACD5DD3004121D7 /* en */,
				1E77187F1ACD5DD4004121D7 /* pt */,
			);
			name = PERGUNTAS.png;
			sourceTree = "<group>";
		};
		1E7718821ACD5DDD004121D7 /* BANHEIRO.png */ = {
			isa = PBXVariantGroup;
			children = (
				1E7718811ACD5DDD004121D7 /* Base */,
				1E7718831ACD5DDE004121D7 /* en */,
				1E7718841ACD5DDE004121D7 /* pt */,
			);
			name = BANHEIRO.png;
			sourceTree = "<group>";
		};
		1E7718871ACD5DE3004121D7 /* ESCOVAR_DENTES.png */ = {
			isa = PBXVariantGroup;
			children = (
				1E7718861ACD5DE3004121D7 /* Base */,
				1E7718881ACD5DE4004121D7 /* en */,
				1E7718891ACD5DE5004121D7 /* pt */,
			);
			name = ESCOVAR_DENTES.png;
			sourceTree = "<group>";
		};
		1E77188C1ACD5DE8004121D7 /* LAVAR_MAOS.png */ = {
			isa = PBXVariantGroup;
			children = (
				1E77188B1ACD5DE8004121D7 /* Base */,
				1E77188D1ACD5DE9004121D7 /* en */,
				1E77188E1ACD5DEA004121D7 /* pt */,
			);
			name = LAVAR_MAOS.png;
			sourceTree = "<group>";
		};
		1E7718911ACD5DEE004121D7 /* NECESSIDADES_PESSOAIS.png */ = {
			isa = PBXVariantGroup;
			children = (
				1E7718901ACD5DEE004121D7 /* Base */,
				1E7718921ACD5DEF004121D7 /* en */,
				1E7718931ACD5DEF004121D7 /* pt */,
			);
			name = NECESSIDADES_PESSOAIS.png;
			sourceTree = "<group>";
		};
		1E7718961ACD5DF3004121D7 /* TOMAR_BANHO.png */ = {
			isa = PBXVariantGroup;
			children = (
				1E7718951ACD5DF3004121D7 /* Base */,
				1E7718971ACD5DF4004121D7 /* en */,
				1E7718981ACD5DF6004121D7 /* pt */,
			);
			name = TOMAR_BANHO.png;
			sourceTree = "<group>";
		};
		1E77189B1ACD5DFD004121D7 /* DOENTE.png */ = {
			isa = PBXVariantGroup;
			children = (
				1E77189A1ACD5DFD004121D7 /* Base */,
				1E77189C1ACD5DFF004121D7 /* en */,
				1E77189D1ACD5DFF004121D7 /* pt */,
			);
			name = DOENTE.png;
			sourceTree = "<group>";
		};
		1E7718A01ACD5E04004121D7 /* EMOCOES.png */ = {
			isa = PBXVariantGroup;
			children = (
				1E77189F1ACD5E04004121D7 /* Base */,
				1E7718A11ACD5E05004121D7 /* en */,
				1E7718A21ACD5E05004121D7 /* pt */,
			);
			name = EMOCOES.png;
			sourceTree = "<group>";
		};
		1E7718A51ACD5E0D004121D7 /* FELIZ.png */ = {
			isa = PBXVariantGroup;
			children = (
				1E7718A41ACD5E0D004121D7 /* Base */,
				1E7718A61ACD5E0E004121D7 /* en */,
				1E7718A71ACD5E0F004121D7 /* pt */,
			);
			name = FELIZ.png;
			sourceTree = "<group>";
		};
		1E7718AA1ACD5E13004121D7 /* TRISTE.png */ = {
			isa = PBXVariantGroup;
			children = (
				1E7718A91ACD5E13004121D7 /* Base */,
				1E7718AB1ACD5E14004121D7 /* en */,
				1E7718AC1ACD5E15004121D7 /* pt */,
			);
			name = TRISTE.png;
			sourceTree = "<group>";
		};
		1E7718AF1ACD5E1A004121D7 /* EMERGENCIA.png */ = {
			isa = PBXVariantGroup;
			children = (
				1E7718AE1ACD5E1A004121D7 /* Base */,
				1E7718B01ACD5E1B004121D7 /* en */,
				1E7718B11ACD5E1C004121D7 /* pt */,
			);
			name = EMERGENCIA.png;
			sourceTree = "<group>";
		};
		1E7718B41ACD5E20004121D7 /* HOSPITAL.png */ = {
			isa = PBXVariantGroup;
			children = (
				1E7718B31ACD5E20004121D7 /* Base */,
				1E7718B51ACD5E21004121D7 /* en */,
				1E7718B61ACD5E22004121D7 /* pt */,
			);
			name = HOSPITAL.png;
			sourceTree = "<group>";
		};
		1E7718B91ACD5E25004121D7 /* POLICIA.png */ = {
			isa = PBXVariantGroup;
			children = (
				1E7718B81ACD5E25004121D7 /* Base */,
				1E7718BA1ACD5E26004121D7 /* en */,
				1E7718BB1ACD5E28004121D7 /* pt */,
			);
			name = POLICIA.png;
			sourceTree = "<group>";
		};
		1E7718BE1ACD5E2D004121D7 /* BARRIGA.png */ = {
			isa = PBXVariantGroup;
			children = (
				1E7718BD1ACD5E2D004121D7 /* Base */,
				1E7718BF1ACD5E2E004121D7 /* en */,
				1E7718C01ACD5E2F004121D7 /* pt */,
			);
			name = BARRIGA.png;
			sourceTree = "<group>";
		};
		1E7718C31ACD5E33004121D7 /* CABECA.png */ = {
			isa = PBXVariantGroup;
			children = (
				1E7718C21ACD5E33004121D7 /* Base */,
				1E7718C41ACD5E35004121D7 /* en */,
				1E7718C51ACD5E35004121D7 /* pt */,
			);
			name = CABECA.png;
			sourceTree = "<group>";
		};
		1E7718C81ACD5E39004121D7 /* DOR.png */ = {
			isa = PBXVariantGroup;
			children = (
				1E7718C71ACD5E39004121D7 /* Base */,
				1E7718C91ACD5E3A004121D7 /* en */,
				1E7718CA1ACD5E3A004121D7 /* pt */,
			);
			name = DOR.png;
			sourceTree = "<group>";
		};
		1E7718CD1ACD5E3E004121D7 /* GARGANTA.png */ = {
			isa = PBXVariantGroup;
			children = (
				1E7718CC1ACD5E3E004121D7 /* Base */,
				1E7718CE1ACD5E3F004121D7 /* en */,
				1E7718CF1ACD5E40004121D7 /* pt */,
			);
			name = GARGANTA.png;
			sourceTree = "<group>";
		};
		1E7718D21ACD5E48004121D7 /* BANANA.png */ = {
			isa = PBXVariantGroup;
			children = (
				1E7718D11ACD5E48004121D7 /* Base */,
				1E7718D31ACD5E49004121D7 /* en */,
				1E7718D41ACD5E4A004121D7 /* pt */,
			);
			name = BANANA.png;
			sourceTree = "<group>";
		};
		1E7718D71ACD5E4D004121D7 /* COMIDA.png */ = {
			isa = PBXVariantGroup;
			children = (
				1E7718D61ACD5E4D004121D7 /* Base */,
				1E7718D81ACD5E4E004121D7 /* en */,
				1E7718D91ACD5E4F004121D7 /* pt */,
			);
			name = COMIDA.png;
			sourceTree = "<group>";
		};
		1E7718DC1ACD5E53004121D7 /* PAO.png */ = {
			isa = PBXVariantGroup;
			children = (
				1E7718DB1ACD5E53004121D7 /* Base */,
				1E7718DD1ACD5E54004121D7 /* en */,
				1E7718DE1ACD5E54004121D7 /* pt */,
			);
			name = PAO.png;
			sourceTree = "<group>";
		};
		1E7718E11ACD5E59004121D7 /* MACA.png */ = {
			isa = PBXVariantGroup;
			children = (
				1E7718E01ACD5E59004121D7 /* Base */,
				1E7718E21ACD5E5A004121D7 /* en */,
				1E7718E31ACD5E5A004121D7 /* pt */,
			);
			name = MACA.png;
			sourceTree = "<group>";
		};
		1E7718E61ACD5E60004121D7 /* CUMPRIMENTOS.png */ = {
			isa = PBXVariantGroup;
			children = (
				1E7718E51ACD5E60004121D7 /* Base */,
				1E7718E71ACD5E61004121D7 /* en */,
				1E7718E81ACD5E62004121D7 /* pt */,
			);
			name = CUMPRIMENTOS.png;
			sourceTree = "<group>";
		};
		1E7718EB1ACD5E65004121D7 /* OI.png */ = {
			isa = PBXVariantGroup;
			children = (
				1E7718EA1ACD5E65004121D7 /* Base */,
				1E7718EC1ACD5E66004121D7 /* en */,
				1E7718ED1ACD5E67004121D7 /* pt */,
			);
			name = OI.png;
			sourceTree = "<group>";
		};
		1E7718F01ACD5E6C004121D7 /* TCHAU.png */ = {
			isa = PBXVariantGroup;
			children = (
				1E7718EF1ACD5E6C004121D7 /* Base */,
				1E7718F11ACD5E6D004121D7 /* en */,
				1E7718F21ACD5E6E004121D7 /* pt */,
			);
			name = TCHAU.png;
			sourceTree = "<group>";
		};
		1E7718F51ACD5E73004121D7 /* AGUA.png */ = {
			isa = PBXVariantGroup;
			children = (
				1E7718F41ACD5E73004121D7 /* Base */,
				1E7718F61ACD5E74004121D7 /* en */,
				1E7718F71ACD5E75004121D7 /* pt */,
			);
			name = AGUA.png;
			sourceTree = "<group>";
		};
		1E7718FA1ACD5E78004121D7 /* BEBIDA.png */ = {
			isa = PBXVariantGroup;
			children = (
				1E7718F91ACD5E78004121D7 /* Base */,
				1E7718FB1ACD5E79004121D7 /* en */,
				1E7718FC1ACD5E7A004121D7 /* pt */,
			);
			name = BEBIDA.png;
			sourceTree = "<group>";
		};
		1E7718FF1ACD5E7D004121D7 /* LEITE.png */ = {
			isa = PBXVariantGroup;
			children = (
				1E7718FE1ACD5E7D004121D7 /* Base */,
				1E7719001ACD5E7E004121D7 /* en */,
				1E7719011ACD5E7F004121D7 /* pt */,
			);
			name = LEITE.png;
			sourceTree = "<group>";
		};
		1E7719041ACD5E84004121D7 /* REFRIGERANTE.png */ = {
			isa = PBXVariantGroup;
			children = (
				1E7719031ACD5E84004121D7 /* Base */,
				1E7719051ACD5E85004121D7 /* en */,
				1E7719061ACD5E86004121D7 /* pt */,
			);
			name = REFRIGERANTE.png;
			sourceTree = "<group>";
		};
		1E7719091ACD5E8A004121D7 /* SUCO.png */ = {
			isa = PBXVariantGroup;
			children = (
				1E7719081ACD5E8A004121D7 /* Base */,
				1E77190A1ACD5E8C004121D7 /* en */,
				1E77190B1ACD5E8D004121D7 /* pt */,
			);
			name = SUCO.png;
			sourceTree = "<group>";
		};
		1E78C70C1ACC63C1004863DB /* category_emotion.png */ = {
			isa = PBXVariantGroup;
			children = (
				1E78C70B1ACC63C1004863DB /* Base */,
				1E78C70D1ACC63C9004863DB /* en */,
				1E78C70E1ACC63CA004863DB /* pt */,
			);
			name = category_emotion.png;
			sourceTree = "<group>";
		};
		1E78C7111ACC652A004863DB /* profile.png */ = {
			isa = PBXVariantGroup;
			children = (
				1E78C7101ACC652A004863DB /* Base */,
				1E78C7121ACC652C004863DB /* en */,
				1E78C7131ACC652D004863DB /* pt */,
			);
			name = profile.png;
			sourceTree = "<group>";
		};
		1E78C7161ACC6533004863DB /* icon_home.png */ = {
			isa = PBXVariantGroup;
			children = (
				1E78C7151ACC6533004863DB /* Base */,
				1E78C7171ACC6534004863DB /* en */,
				1E78C7181ACC6535004863DB /* pt */,
			);
			name = icon_home.png;
			sourceTree = "<group>";
		};
		1E78C71B1ACC653A004863DB /* icon_edit.png */ = {
			isa = PBXVariantGroup;
			children = (
				1E78C71A1ACC653A004863DB /* Base */,
				1E78C71C1ACC653B004863DB /* en */,
				1E78C71D1ACC653B004863DB /* pt */,
			);
			name = icon_edit.png;
			sourceTree = "<group>";
		};
		1E78C7201ACC6543004863DB /* left_arrow.png */ = {
			isa = PBXVariantGroup;
			children = (
				1E78C71F1ACC6543004863DB /* Base */,
				1E78C7211ACC6544004863DB /* en */,
				1E78C7221ACC6545004863DB /* pt */,
			);
			name = left_arrow.png;
			sourceTree = "<group>";
		};
		1E78C7251ACC654A004863DB /* right_arrow.png */ = {
			isa = PBXVariantGroup;
			children = (
				1E78C7241ACC654A004863DB /* Base */,
				1E78C7261ACC654B004863DB /* en */,
				1E78C7271ACC654B004863DB /* pt */,
			);
			name = right_arrow.png;
			sourceTree = "<group>";
		};
		EB0713EF1AC330DF002B9645 /* audio0.m4a */ = {
			isa = PBXVariantGroup;
			children = (
				EB0713EE1AC330DF002B9645 /* Base */,
				EB0713F01AC330E0002B9645 /* pt */,
				EB0713F11AC330E1002B9645 /* en */,
			);
			name = audio0.m4a;
			sourceTree = "<group>";
		};
		EB45BBB81AC321B3005CE9BE /* Localizable.strings */ = {
			isa = PBXVariantGroup;
			children = (
				EB45BBB71AC321B3005CE9BE /* en */,
				EB45BBB91AC321C8005CE9BE /* pt */,
				1EFBDFD71ACC737B00746419 /* Base */,
			);
			name = Localizable.strings;
			path = ..;
			sourceTree = "<group>";
		};
		EB53673E1AC1E4290000B7F3 /* Main.storyboard */ = {
			isa = PBXVariantGroup;
			children = (
				EB53673F1AC1E4290000B7F3 /* Base */,
				EB45BBB21AC31F95005CE9BE /* pt */,
				1ECD4B3F1ACAFB3000B41C8C /* en */,
			);
			name = Main.storyboard;
			sourceTree = "<group>";
		};
		EB5367431AC1E4290000B7F3 /* LaunchScreen.xib */ = {
			isa = PBXVariantGroup;
			children = (
				EB5367441AC1E4290000B7F3 /* Base */,
				EB45BBB31AC31F95005CE9BE /* pt */,
			);
			name = LaunchScreen.xib;
			sourceTree = "<group>";
		};
/* End PBXVariantGroup section */

/* Begin XCBuildConfiguration section */
		EB5367521AC1E4290000B7F3 /* Debug */ = {
			isa = XCBuildConfiguration;
			buildSettings = {
				ALWAYS_SEARCH_USER_PATHS = NO;
				CLANG_CXX_LANGUAGE_STANDARD = "gnu++0x";
				CLANG_CXX_LIBRARY = "libc++";
				CLANG_ENABLE_MODULES = YES;
				CLANG_ENABLE_OBJC_ARC = YES;
				CLANG_WARN_BOOL_CONVERSION = YES;
				CLANG_WARN_CONSTANT_CONVERSION = YES;
				CLANG_WARN_DIRECT_OBJC_ISA_USAGE = YES_ERROR;
				CLANG_WARN_EMPTY_BODY = YES;
				CLANG_WARN_ENUM_CONVERSION = YES;
				CLANG_WARN_INT_CONVERSION = YES;
				CLANG_WARN_OBJC_ROOT_CLASS = YES_ERROR;
				CLANG_WARN_UNREACHABLE_CODE = YES;
				CLANG_WARN__DUPLICATE_METHOD_MATCH = YES;
				"CODE_SIGN_IDENTITY[sdk=iphoneos*]" = "iPhone Developer";
				COPY_PHASE_STRIP = NO;
				ENABLE_STRICT_OBJC_MSGSEND = YES;
				GCC_C_LANGUAGE_STANDARD = gnu99;
				GCC_DYNAMIC_NO_PIC = NO;
				GCC_OPTIMIZATION_LEVEL = 0;
				GCC_PREPROCESSOR_DEFINITIONS = (
					"DEBUG=1",
					"$(inherited)",
				);
				GCC_SYMBOLS_PRIVATE_EXTERN = NO;
				GCC_WARN_64_TO_32_BIT_CONVERSION = YES;
				GCC_WARN_ABOUT_RETURN_TYPE = YES_ERROR;
				GCC_WARN_UNDECLARED_SELECTOR = YES;
				GCC_WARN_UNINITIALIZED_AUTOS = YES_AGGRESSIVE;
				GCC_WARN_UNUSED_FUNCTION = YES;
				GCC_WARN_UNUSED_VARIABLE = YES;
				IPHONEOS_DEPLOYMENT_TARGET = 8.1;
				MTL_ENABLE_DEBUG_INFO = YES;
				ONLY_ACTIVE_ARCH = YES;
				SDKROOT = iphoneos;
				TARGETED_DEVICE_FAMILY = "1,2";
			};
			name = Debug;
		};
		EB5367531AC1E4290000B7F3 /* Release */ = {
			isa = XCBuildConfiguration;
			buildSettings = {
				ALWAYS_SEARCH_USER_PATHS = NO;
				CLANG_CXX_LANGUAGE_STANDARD = "gnu++0x";
				CLANG_CXX_LIBRARY = "libc++";
				CLANG_ENABLE_MODULES = YES;
				CLANG_ENABLE_OBJC_ARC = YES;
				CLANG_WARN_BOOL_CONVERSION = YES;
				CLANG_WARN_CONSTANT_CONVERSION = YES;
				CLANG_WARN_DIRECT_OBJC_ISA_USAGE = YES_ERROR;
				CLANG_WARN_EMPTY_BODY = YES;
				CLANG_WARN_ENUM_CONVERSION = YES;
				CLANG_WARN_INT_CONVERSION = YES;
				CLANG_WARN_OBJC_ROOT_CLASS = YES_ERROR;
				CLANG_WARN_UNREACHABLE_CODE = YES;
				CLANG_WARN__DUPLICATE_METHOD_MATCH = YES;
				"CODE_SIGN_IDENTITY[sdk=iphoneos*]" = "iPhone Developer";
				COPY_PHASE_STRIP = NO;
				ENABLE_NS_ASSERTIONS = NO;
				ENABLE_STRICT_OBJC_MSGSEND = YES;
				GCC_C_LANGUAGE_STANDARD = gnu99;
				GCC_WARN_64_TO_32_BIT_CONVERSION = YES;
				GCC_WARN_ABOUT_RETURN_TYPE = YES_ERROR;
				GCC_WARN_UNDECLARED_SELECTOR = YES;
				GCC_WARN_UNINITIALIZED_AUTOS = YES_AGGRESSIVE;
				GCC_WARN_UNUSED_FUNCTION = YES;
				GCC_WARN_UNUSED_VARIABLE = YES;
				IPHONEOS_DEPLOYMENT_TARGET = 8.1;
				MTL_ENABLE_DEBUG_INFO = NO;
				SDKROOT = iphoneos;
				TARGETED_DEVICE_FAMILY = "1,2";
				VALIDATE_PRODUCT = YES;
			};
			name = Release;
		};
		EB5367551AC1E4290000B7F3 /* Debug */ = {
			isa = XCBuildConfiguration;
			buildSettings = {
				ASSETCATALOG_COMPILER_APPICON_NAME = AppIcon;
				ASSETCATALOG_COMPILER_LAUNCHIMAGE_NAME = LaunchImage;
				CODE_SIGN_IDENTITY = "iPhone Developer";
				"CODE_SIGN_IDENTITY[sdk=iphoneos*]" = "iPhone Developer";
				INFOPLIST_FILE = Aphasia/Info.plist;
				IPHONEOS_DEPLOYMENT_TARGET = 8.2;
				LD_RUNPATH_SEARCH_PATHS = "$(inherited) @executable_path/Frameworks";
				ONLY_ACTIVE_ARCH = NO;
				PRODUCT_NAME = Aphasia;
				PROVISIONING_PROFILE = "";
				TARGETED_DEVICE_FAMILY = "1,2";
				VALID_ARCHS = "";
				"VALID_ARCHS[sdk=*]" = armv7;
			};
			name = Debug;
		};
		EB5367561AC1E4290000B7F3 /* Release */ = {
			isa = XCBuildConfiguration;
			buildSettings = {
				ASSETCATALOG_COMPILER_APPICON_NAME = AppIcon;
				ASSETCATALOG_COMPILER_LAUNCHIMAGE_NAME = LaunchImage;
				CODE_SIGN_IDENTITY = "iPhone Developer";
				"CODE_SIGN_IDENTITY[sdk=iphoneos*]" = "iPhone Developer";
				INFOPLIST_FILE = Aphasia/Info.plist;
				IPHONEOS_DEPLOYMENT_TARGET = 8.2;
				LD_RUNPATH_SEARCH_PATHS = "$(inherited) @executable_path/Frameworks";
				ONLY_ACTIVE_ARCH = NO;
				PRODUCT_NAME = Aphasia;
				PROVISIONING_PROFILE = "";
				TARGETED_DEVICE_FAMILY = "1,2";
				VALID_ARCHS = "";
				"VALID_ARCHS[sdk=*]" = armv7;
			};
			name = Release;
		};
		EB5367581AC1E4290000B7F3 /* Debug */ = {
			isa = XCBuildConfiguration;
			buildSettings = {
				BUNDLE_LOADER = "$(TEST_HOST)";
				FRAMEWORK_SEARCH_PATHS = (
					"$(SDKROOT)/Developer/Library/Frameworks",
					"$(inherited)",
				);
				GCC_PREPROCESSOR_DEFINITIONS = (
					"DEBUG=1",
					"$(inherited)",
				);
				INFOPLIST_FILE = AphasiaTests/Info.plist;
				LD_RUNPATH_SEARCH_PATHS = "$(inherited) @executable_path/Frameworks @loader_path/Frameworks";
				PRODUCT_NAME = AphasiaTests;
				TEST_HOST = "$(BUILT_PRODUCTS_DIR)/Aphasia.app/Aphasia";
			};
			name = Debug;
		};
		EB5367591AC1E4290000B7F3 /* Release */ = {
			isa = XCBuildConfiguration;
			buildSettings = {
				BUNDLE_LOADER = "$(TEST_HOST)";
				FRAMEWORK_SEARCH_PATHS = (
					"$(SDKROOT)/Developer/Library/Frameworks",
					"$(inherited)",
				);
				INFOPLIST_FILE = AphasiaTests/Info.plist;
				LD_RUNPATH_SEARCH_PATHS = "$(inherited) @executable_path/Frameworks @loader_path/Frameworks";
				PRODUCT_NAME = AphasiaTests;
				TEST_HOST = "$(BUILT_PRODUCTS_DIR)/Aphasia.app/Aphasia";
			};
			name = Release;
		};
/* End XCBuildConfiguration section */

/* Begin XCConfigurationList section */
		EB53672C1AC1E4290000B7F3 /* Build configuration list for PBXProject "Aphasia" */ = {
			isa = XCConfigurationList;
			buildConfigurations = (
				EB5367521AC1E4290000B7F3 /* Debug */,
				EB5367531AC1E4290000B7F3 /* Release */,
			);
			defaultConfigurationIsVisible = 0;
			defaultConfigurationName = Release;
		};
		EB5367541AC1E4290000B7F3 /* Build configuration list for PBXNativeTarget "Aphasia" */ = {
			isa = XCConfigurationList;
			buildConfigurations = (
				EB5367551AC1E4290000B7F3 /* Debug */,
				EB5367561AC1E4290000B7F3 /* Release */,
			);
			defaultConfigurationIsVisible = 0;
			defaultConfigurationName = Release;
		};
		EB5367571AC1E4290000B7F3 /* Build configuration list for PBXNativeTarget "AphasiaTests" */ = {
			isa = XCConfigurationList;
			buildConfigurations = (
				EB5367581AC1E4290000B7F3 /* Debug */,
				EB5367591AC1E4290000B7F3 /* Release */,
			);
			defaultConfigurationIsVisible = 0;
			defaultConfigurationName = Release;
		};
/* End XCConfigurationList section */
	};
	rootObject = EB5367291AC1E4290000B7F3 /* Project object */;
}
