// !$*UTF8*$!
{
	archiveVersion = 1;
	classes = {
	};
	objectVersion = 46;
	objects = {

/* Begin PBXBuildFile section */
		1DB189E11AC9BCE500D8EE69 /* AddCategoryViewController.m in Sources */ = {isa = PBXBuildFile; fileRef = 1DB189E01AC9BCE500D8EE69 /* AddCategoryViewController.m */; };
		1DB189E41AC9D30400D8EE69 /* StoredData.m in Sources */ = {isa = PBXBuildFile; fileRef = 1DB189E31AC9D30400D8EE69 /* StoredData.m */; };
		1DB189E71AC9D54700D8EE69 /* AphasiaCategory.m in Sources */ = {isa = PBXBuildFile; fileRef = 1DB189E61AC9D54700D8EE69 /* AphasiaCategory.m */; };
		1E78C70A1ACC63C1004863DB /* category_emotion.png in Resources */ = {isa = PBXBuildFile; fileRef = 1E78C70C1ACC63C1004863DB /* category_emotion.png */; };
		1E78C70F1ACC652A004863DB /* profile.png in Resources */ = {isa = PBXBuildFile; fileRef = 1E78C7111ACC652A004863DB /* profile.png */; };
		1E78C7141ACC6533004863DB /* icon_home.png in Resources */ = {isa = PBXBuildFile; fileRef = 1E78C7161ACC6533004863DB /* icon_home.png */; };
		1E78C7191ACC653A004863DB /* icon_edit.png in Resources */ = {isa = PBXBuildFile; fileRef = 1E78C71B1ACC653A004863DB /* icon_edit.png */; };
		1E78C71E1ACC6543004863DB /* left_arrow.png in Resources */ = {isa = PBXBuildFile; fileRef = 1E78C7201ACC6543004863DB /* left_arrow.png */; };
		1E78C7231ACC654A004863DB /* right_arrow.png in Resources */ = {isa = PBXBuildFile; fileRef = 1E78C7251ACC654A004863DB /* right_arrow.png */; };
		1ECD4B421ACB021400B41C8C /* AphasiaElement.m in Sources */ = {isa = PBXBuildFile; fileRef = 1ECD4B411ACB021400B41C8C /* AphasiaElement.m */; };
		1EEAF0191AC4943D00923593 /* Settings.bundle in Resources */ = {isa = PBXBuildFile; fileRef = 1EEAF0181AC4943D00923593 /* Settings.bundle */; };
		1EFBDF531ACC6E2700746419 /* AGUA.png in Resources */ = {isa = PBXBuildFile; fileRef = 1EFBDF431ACC6E2700746419 /* AGUA.png */; };
		1EFBDF541ACC6E2700746419 /* LEITE.png in Resources */ = {isa = PBXBuildFile; fileRef = 1EFBDF451ACC6E2700746419 /* LEITE.png */; };
		1EFBDF551ACC6E2700746419 /* REFRIGERANTE.png in Resources */ = {isa = PBXBuildFile; fileRef = 1EFBDF471ACC6E2700746419 /* REFRIGERANTE.png */; };
		1EFBDF561ACC6E2700746419 /* SUCO.png in Resources */ = {isa = PBXBuildFile; fileRef = 1EFBDF491ACC6E2700746419 /* SUCO.png */; };
		1EFBDFBF1ACC6E8500746419 /* BANANA.png in Resources */ = {isa = PBXBuildFile; fileRef = 1EFBDF581ACC6E8500746419 /* BANANA.png */; };
		1EFBDFC01ACC6E8500746419 /* maca.png in Resources */ = {isa = PBXBuildFile; fileRef = 1EFBDF5A1ACC6E8500746419 /* maca.png */; };
		1EFBDFC11ACC6E8500746419 /* PAO.png in Resources */ = {isa = PBXBuildFile; fileRef = 1EFBDF5C1ACC6E8500746419 /* PAO.png */; };
		1EFBDFC21ACC6E8500746419 /* OI.png in Resources */ = {isa = PBXBuildFile; fileRef = 1EFBDF651ACC6E8500746419 /* OI.png */; };
		1EFBDFC31ACC6E8500746419 /* TCHAU.png in Resources */ = {isa = PBXBuildFile; fileRef = 1EFBDF671ACC6E8500746419 /* TCHAU.png */; };
		1EFBDFC41ACC6E8500746419 /* BARRIGA.png in Resources */ = {isa = PBXBuildFile; fileRef = 1EFBDF6E1ACC6E8500746419 /* BARRIGA.png */; };
		1EFBDFC51ACC6E8500746419 /* CABECA2.png in Resources */ = {isa = PBXBuildFile; fileRef = 1EFBDF701ACC6E8500746419 /* CABECA2.png */; };
		1EFBDFC61ACC6E8500746419 /* GARGANTA2.png in Resources */ = {isa = PBXBuildFile; fileRef = 1EFBDF721ACC6E8500746419 /* GARGANTA2.png */; };
		1EFBDFC71ACC6E8500746419 /* EMERGENCIA.png in Resources */ = {isa = PBXBuildFile; fileRef = 1EFBDF7B1ACC6E8500746419 /* EMERGENCIA.png */; };
		1EFBDFC81ACC6E8500746419 /* hospital.png in Resources */ = {isa = PBXBuildFile; fileRef = 1EFBDF7D1ACC6E8500746419 /* hospital.png */; };
		1EFBDFC91ACC6E8500746419 /* POLICIA.png in Resources */ = {isa = PBXBuildFile; fileRef = 1EFBDF7F1ACC6E8500746419 /* POLICIA.png */; };
		1EFBDFCA1ACC6E8500746419 /* DOENTE.png in Resources */ = {isa = PBXBuildFile; fileRef = 1EFBDF881ACC6E8500746419 /* DOENTE.png */; };
		1EFBDFCB1ACC6E8500746419 /* FELIZ.png in Resources */ = {isa = PBXBuildFile; fileRef = 1EFBDF8A1ACC6E8500746419 /* FELIZ.png */; };
		1EFBDFCC1ACC6E8500746419 /* TRISTE.png in Resources */ = {isa = PBXBuildFile; fileRef = 1EFBDF8C1ACC6E8500746419 /* TRISTE.png */; };
		1EFBDFCD1ACC6E8500746419 /* Base_Menino.png in Resources */ = {isa = PBXBuildFile; fileRef = 1EFBDF951ACC6E8500746419 /* Base_Menino.png */; };
		1EFBDFCE1ACC6E8500746419 /* BEBER.png in Resources */ = {isa = PBXBuildFile; fileRef = 1EFBDF971ACC6E8500746419 /* BEBER.png */; };
		1EFBDFCF1ACC6E8500746419 /* COMER.png in Resources */ = {isa = PBXBuildFile; fileRef = 1EFBDF991ACC6E8500746419 /* COMER.png */; };
		1EFBDFD01ACC6E8500746419 /* EU.png in Resources */ = {isa = PBXBuildFile; fileRef = 1EFBDF9B1ACC6E8500746419 /* EU.png */; };
		1EFBDFD11ACC6E8500746419 /* QUERO.png in Resources */ = {isa = PBXBuildFile; fileRef = 1EFBDF9D1ACC6E8500746419 /* QUERO.png */; };
		1EFBDFD21ACC6E8500746419 /* BANHEIRO.png in Resources */ = {isa = PBXBuildFile; fileRef = 1EFBDFAA1ACC6E8500746419 /* BANHEIRO.png */; };
		1EFBDFD31ACC6E8500746419 /* EscovarDentes.png in Resources */ = {isa = PBXBuildFile; fileRef = 1EFBDFAC1ACC6E8500746419 /* EscovarDentes.png */; };
		1EFBDFD41ACC6E8500746419 /* LavarMao.png in Resources */ = {isa = PBXBuildFile; fileRef = 1EFBDFAE1ACC6E8500746419 /* LavarMao.png */; };
		1EFBDFD51ACC6E8500746419 /* TomarBanho.png in Resources */ = {isa = PBXBuildFile; fileRef = 1EFBDFB01ACC6E8500746419 /* TomarBanho.png */; };
		1EFBDFD61ACC6E8500746419 /* QueHorasSao.png in Resources */ = {isa = PBXBuildFile; fileRef = 1EFBDFBB1ACC6E8500746419 /* QueHorasSao.png */; };
		7A620C841AC8AF500038C4EA /* TableViewController.m in Sources */ = {isa = PBXBuildFile; fileRef = 7A620C831AC8AF4F0038C4EA /* TableViewController.m */; };
		7A620C8A1AC8B22A0038C4EA /* TableViewCell.m in Sources */ = {isa = PBXBuildFile; fileRef = 7A620C891AC8B22A0038C4EA /* TableViewCell.m */; };
		7A620C991AC8BC150038C4EA /* DetailsViewController.m in Sources */ = {isa = PBXBuildFile; fileRef = 7A620C981AC8BC150038C4EA /* DetailsViewController.m */; };
		EB0713F81AC3325E002B9645 /* MainMenuViewController.m in Sources */ = {isa = PBXBuildFile; fileRef = EB0713F71AC3325E002B9645 /* MainMenuViewController.m */; };
		EB1D77651ACC32B40045E2C7 /* BoardViewerCell.m in Sources */ = {isa = PBXBuildFile; fileRef = EB1D77641ACC32B40045E2C7 /* BoardViewerCell.m */; };
		EB398FFB1AC597380099BD07 /* ImagesCollection.m in Sources */ = {isa = PBXBuildFile; fileRef = EB398FFA1AC597380099BD07 /* ImagesCollection.m */; };
		EB45BBB61AC321B3005CE9BE /* Localizable.strings in Resources */ = {isa = PBXBuildFile; fileRef = EB45BBB81AC321B3005CE9BE /* Localizable.strings */; };
		EB5367371AC1E4290000B7F3 /* main.m in Sources */ = {isa = PBXBuildFile; fileRef = EB5367361AC1E4290000B7F3 /* main.m */; };
		EB53673A1AC1E4290000B7F3 /* AppDelegate.m in Sources */ = {isa = PBXBuildFile; fileRef = EB5367391AC1E4290000B7F3 /* AppDelegate.m */; };
		EB53673D1AC1E4290000B7F3 /* GetStartedViewController.m in Sources */ = {isa = PBXBuildFile; fileRef = EB53673C1AC1E4290000B7F3 /* GetStartedViewController.m */; };
		EB5367401AC1E4290000B7F3 /* Main.storyboard in Resources */ = {isa = PBXBuildFile; fileRef = EB53673E1AC1E4290000B7F3 /* Main.storyboard */; };
		EB5367451AC1E4290000B7F3 /* LaunchScreen.xib in Resources */ = {isa = PBXBuildFile; fileRef = EB5367431AC1E4290000B7F3 /* LaunchScreen.xib */; };
		EB5367511AC1E4290000B7F3 /* AphasiaTests.m in Sources */ = {isa = PBXBuildFile; fileRef = EB5367501AC1E4290000B7F3 /* AphasiaTests.m */; };
		EB84017B1AC9E91A00BF73EF /* BoardStructureNode.m in Sources */ = {isa = PBXBuildFile; fileRef = EB84017A1AC9E91A00BF73EF /* BoardStructureNode.m */; };
		EBB11D1F1AC5F9E70030B387 /* BoardViewerViewController.m in Sources */ = {isa = PBXBuildFile; fileRef = EBB11D1E1AC5F9E70030B387 /* BoardViewerViewController.m */; };
		EBC0DC961AC47D4000B924E3 /* ImageCell.xib in Resources */ = {isa = PBXBuildFile; fileRef = EBC0DC951AC47D4000B924E3 /* ImageCell.xib */; };
/* End PBXBuildFile section */

/* Begin PBXContainerItemProxy section */
		EB53674B1AC1E4290000B7F3 /* PBXContainerItemProxy */ = {
			isa = PBXContainerItemProxy;
			containerPortal = EB5367291AC1E4290000B7F3 /* Project object */;
			proxyType = 1;
			remoteGlobalIDString = EB5367301AC1E4290000B7F3;
			remoteInfo = Aphasia;
		};
/* End PBXContainerItemProxy section */

/* Begin PBXFileReference section */
		1DB189DF1AC9BCE500D8EE69 /* AddCategoryViewController.h */ = {isa = PBXFileReference; fileEncoding = 4; lastKnownFileType = sourcecode.c.h; path = AddCategoryViewController.h; sourceTree = "<group>"; };
		1DB189E01AC9BCE500D8EE69 /* AddCategoryViewController.m */ = {isa = PBXFileReference; fileEncoding = 4; lastKnownFileType = sourcecode.c.objc; path = AddCategoryViewController.m; sourceTree = "<group>"; };
		1DB189E21AC9D30400D8EE69 /* StoredData.h */ = {isa = PBXFileReference; fileEncoding = 4; lastKnownFileType = sourcecode.c.h; path = StoredData.h; sourceTree = "<group>"; };
		1DB189E31AC9D30400D8EE69 /* StoredData.m */ = {isa = PBXFileReference; fileEncoding = 4; lastKnownFileType = sourcecode.c.objc; path = StoredData.m; sourceTree = "<group>"; };
		1DB189E51AC9D54700D8EE69 /* AphasiaCategory.h */ = {isa = PBXFileReference; fileEncoding = 4; lastKnownFileType = sourcecode.c.h; path = AphasiaCategory.h; sourceTree = "<group>"; };
		1DB189E61AC9D54700D8EE69 /* AphasiaCategory.m */ = {isa = PBXFileReference; fileEncoding = 4; lastKnownFileType = sourcecode.c.objc; path = AphasiaCategory.m; sourceTree = "<group>"; };
		1E78C70B1ACC63C1004863DB /* Base */ = {isa = PBXFileReference; lastKnownFileType = image.png; name = Base; path = Base.lproj/category_emotion.png; sourceTree = "<group>"; };
		1E78C70D1ACC63C9004863DB /* en */ = {isa = PBXFileReference; lastKnownFileType = image.png; name = en; path = en.lproj/category_emotion.png; sourceTree = "<group>"; };
		1E78C70E1ACC63CA004863DB /* pt */ = {isa = PBXFileReference; lastKnownFileType = image.png; name = pt; path = pt.lproj/category_emotion.png; sourceTree = "<group>"; };
		1E78C7101ACC652A004863DB /* Base */ = {isa = PBXFileReference; lastKnownFileType = image.png; name = Base; path = Base.lproj/profile.png; sourceTree = "<group>"; };
		1E78C7121ACC652C004863DB /* en */ = {isa = PBXFileReference; lastKnownFileType = image.png; name = en; path = en.lproj/profile.png; sourceTree = "<group>"; };
		1E78C7131ACC652D004863DB /* pt */ = {isa = PBXFileReference; lastKnownFileType = image.png; name = pt; path = pt.lproj/profile.png; sourceTree = "<group>"; };
		1E78C7151ACC6533004863DB /* Base */ = {isa = PBXFileReference; lastKnownFileType = image.png; name = Base; path = Base.lproj/icon_home.png; sourceTree = "<group>"; };
		1E78C7171ACC6534004863DB /* en */ = {isa = PBXFileReference; lastKnownFileType = image.png; name = en; path = en.lproj/icon_home.png; sourceTree = "<group>"; };
		1E78C7181ACC6535004863DB /* pt */ = {isa = PBXFileReference; lastKnownFileType = image.png; name = pt; path = pt.lproj/icon_home.png; sourceTree = "<group>"; };
		1E78C71A1ACC653A004863DB /* Base */ = {isa = PBXFileReference; lastKnownFileType = image.png; name = Base; path = Base.lproj/icon_edit.png; sourceTree = "<group>"; };
		1E78C71C1ACC653B004863DB /* en */ = {isa = PBXFileReference; lastKnownFileType = image.png; name = en; path = en.lproj/icon_edit.png; sourceTree = "<group>"; };
		1E78C71D1ACC653B004863DB /* pt */ = {isa = PBXFileReference; lastKnownFileType = image.png; name = pt; path = pt.lproj/icon_edit.png; sourceTree = "<group>"; };
		1E78C71F1ACC6543004863DB /* Base */ = {isa = PBXFileReference; lastKnownFileType = image.png; name = Base; path = Base.lproj/left_arrow.png; sourceTree = "<group>"; };
		1E78C7211ACC6544004863DB /* en */ = {isa = PBXFileReference; lastKnownFileType = image.png; name = en; path = en.lproj/left_arrow.png; sourceTree = "<group>"; };
		1E78C7221ACC6545004863DB /* pt */ = {isa = PBXFileReference; lastKnownFileType = image.png; name = pt; path = pt.lproj/left_arrow.png; sourceTree = "<group>"; };
		1E78C7241ACC654A004863DB /* Base */ = {isa = PBXFileReference; lastKnownFileType = image.png; name = Base; path = Base.lproj/right_arrow.png; sourceTree = "<group>"; };
		1E78C7261ACC654B004863DB /* en */ = {isa = PBXFileReference; lastKnownFileType = image.png; name = en; path = en.lproj/right_arrow.png; sourceTree = "<group>"; };
		1E78C7271ACC654B004863DB /* pt */ = {isa = PBXFileReference; lastKnownFileType = image.png; name = pt; path = pt.lproj/right_arrow.png; sourceTree = "<group>"; };
		1ECD4B3F1ACAFB3000B41C8C /* en */ = {isa = PBXFileReference; lastKnownFileType = text.plist.strings; name = en; path = en.lproj/Main.strings; sourceTree = "<group>"; };
		1ECD4B401ACB021400B41C8C /* AphasiaElement.h */ = {isa = PBXFileReference; fileEncoding = 4; lastKnownFileType = sourcecode.c.h; path = AphasiaElement.h; sourceTree = "<group>"; };
		1ECD4B411ACB021400B41C8C /* AphasiaElement.m */ = {isa = PBXFileReference; fileEncoding = 4; lastKnownFileType = sourcecode.c.objc; path = AphasiaElement.m; sourceTree = "<group>"; };
		1EEAF0181AC4943D00923593 /* Settings.bundle */ = {isa = PBXFileReference; lastKnownFileType = "wrapper.plug-in"; path = Settings.bundle; sourceTree = "<group>"; };
		1EFBDF441ACC6E2700746419 /* Base */ = {isa = PBXFileReference; lastKnownFileType = image.png; name = Base; path = Base.lproj/AGUA.png; sourceTree = "<group>"; };
		1EFBDF461ACC6E2700746419 /* Base */ = {isa = PBXFileReference; lastKnownFileType = image.png; name = Base; path = Base.lproj/LEITE.png; sourceTree = "<group>"; };
		1EFBDF481ACC6E2700746419 /* Base */ = {isa = PBXFileReference; lastKnownFileType = image.png; name = Base; path = Base.lproj/REFRIGERANTE.png; sourceTree = "<group>"; };
		1EFBDF4A1ACC6E2700746419 /* Base */ = {isa = PBXFileReference; lastKnownFileType = image.png; name = Base; path = Base.lproj/SUCO.png; sourceTree = "<group>"; };
		1EFBDF4B1ACC6E2700746419 /* en */ = {isa = PBXFileReference; lastKnownFileType = image.png; name = en; path = en.lproj/AGUA.png; sourceTree = "<group>"; };
		1EFBDF4C1ACC6E2700746419 /* en */ = {isa = PBXFileReference; lastKnownFileType = image.png; name = en; path = en.lproj/LEITE.png; sourceTree = "<group>"; };
		1EFBDF4D1ACC6E2700746419 /* en */ = {isa = PBXFileReference; lastKnownFileType = image.png; name = en; path = en.lproj/REFRIGERANTE.png; sourceTree = "<group>"; };
		1EFBDF4E1ACC6E2700746419 /* en */ = {isa = PBXFileReference; lastKnownFileType = image.png; name = en; path = en.lproj/SUCO.png; sourceTree = "<group>"; };
		1EFBDF4F1ACC6E2700746419 /* pt */ = {isa = PBXFileReference; lastKnownFileType = image.png; name = pt; path = pt.lproj/AGUA.png; sourceTree = "<group>"; };
		1EFBDF501ACC6E2700746419 /* pt */ = {isa = PBXFileReference; lastKnownFileType = image.png; name = pt; path = pt.lproj/LEITE.png; sourceTree = "<group>"; };
		1EFBDF511ACC6E2700746419 /* pt */ = {isa = PBXFileReference; lastKnownFileType = image.png; name = pt; path = pt.lproj/REFRIGERANTE.png; sourceTree = "<group>"; };
		1EFBDF521ACC6E2700746419 /* pt */ = {isa = PBXFileReference; lastKnownFileType = image.png; name = pt; path = pt.lproj/SUCO.png; sourceTree = "<group>"; };
		1EFBDF591ACC6E8500746419 /* Base */ = {isa = PBXFileReference; lastKnownFileType = image.png; name = Base; path = Base.lproj/BANANA.png; sourceTree = "<group>"; };
		1EFBDF5B1ACC6E8500746419 /* Base */ = {isa = PBXFileReference; lastKnownFileType = image.png; name = Base; path = Base.lproj/maca.png; sourceTree = "<group>"; };
		1EFBDF5D1ACC6E8500746419 /* Base */ = {isa = PBXFileReference; lastKnownFileType = image.png; name = Base; path = Base.lproj/PAO.png; sourceTree = "<group>"; };
		1EFBDF5E1ACC6E8500746419 /* en */ = {isa = PBXFileReference; lastKnownFileType = image.png; name = en; path = en.lproj/BANANA.png; sourceTree = "<group>"; };
		1EFBDF5F1ACC6E8500746419 /* en */ = {isa = PBXFileReference; lastKnownFileType = image.png; name = en; path = en.lproj/maca.png; sourceTree = "<group>"; };
		1EFBDF601ACC6E8500746419 /* en */ = {isa = PBXFileReference; lastKnownFileType = image.png; name = en; path = en.lproj/PAO.png; sourceTree = "<group>"; };
		1EFBDF611ACC6E8500746419 /* pt */ = {isa = PBXFileReference; lastKnownFileType = image.png; name = pt; path = pt.lproj/BANANA.png; sourceTree = "<group>"; };
		1EFBDF621ACC6E8500746419 /* pt */ = {isa = PBXFileReference; lastKnownFileType = image.png; name = pt; path = pt.lproj/maca.png; sourceTree = "<group>"; };
		1EFBDF631ACC6E8500746419 /* pt */ = {isa = PBXFileReference; lastKnownFileType = image.png; name = pt; path = pt.lproj/PAO.png; sourceTree = "<group>"; };
		1EFBDF661ACC6E8500746419 /* Base */ = {isa = PBXFileReference; lastKnownFileType = image.png; name = Base; path = Base.lproj/OI.png; sourceTree = "<group>"; };
		1EFBDF681ACC6E8500746419 /* Base */ = {isa = PBXFileReference; lastKnownFileType = image.png; name = Base; path = Base.lproj/TCHAU.png; sourceTree = "<group>"; };
		1EFBDF691ACC6E8500746419 /* en */ = {isa = PBXFileReference; lastKnownFileType = image.png; name = en; path = en.lproj/OI.png; sourceTree = "<group>"; };
		1EFBDF6A1ACC6E8500746419 /* en */ = {isa = PBXFileReference; lastKnownFileType = image.png; name = en; path = en.lproj/TCHAU.png; sourceTree = "<group>"; };
		1EFBDF6B1ACC6E8500746419 /* pt */ = {isa = PBXFileReference; lastKnownFileType = image.png; name = pt; path = pt.lproj/OI.png; sourceTree = "<group>"; };
		1EFBDF6C1ACC6E8500746419 /* pt */ = {isa = PBXFileReference; lastKnownFileType = image.png; name = pt; path = pt.lproj/TCHAU.png; sourceTree = "<group>"; };
		1EFBDF6F1ACC6E8500746419 /* Base */ = {isa = PBXFileReference; lastKnownFileType = image.png; name = Base; path = Base.lproj/BARRIGA.png; sourceTree = "<group>"; };
		1EFBDF711ACC6E8500746419 /* Base */ = {isa = PBXFileReference; lastKnownFileType = image.png; name = Base; path = Base.lproj/CABECA2.png; sourceTree = "<group>"; };
		1EFBDF731ACC6E8500746419 /* Base */ = {isa = PBXFileReference; lastKnownFileType = image.png; name = Base; path = Base.lproj/GARGANTA2.png; sourceTree = "<group>"; };
		1EFBDF741ACC6E8500746419 /* en */ = {isa = PBXFileReference; lastKnownFileType = image.png; name = en; path = en.lproj/BARRIGA.png; sourceTree = "<group>"; };
		1EFBDF751ACC6E8500746419 /* en */ = {isa = PBXFileReference; lastKnownFileType = image.png; name = en; path = en.lproj/CABECA2.png; sourceTree = "<group>"; };
		1EFBDF761ACC6E8500746419 /* en */ = {isa = PBXFileReference; lastKnownFileType = image.png; name = en; path = en.lproj/GARGANTA2.png; sourceTree = "<group>"; };
		1EFBDF771ACC6E8500746419 /* pt */ = {isa = PBXFileReference; lastKnownFileType = image.png; name = pt; path = pt.lproj/BARRIGA.png; sourceTree = "<group>"; };
		1EFBDF781ACC6E8500746419 /* pt */ = {isa = PBXFileReference; lastKnownFileType = image.png; name = pt; path = pt.lproj/CABECA2.png; sourceTree = "<group>"; };
		1EFBDF791ACC6E8500746419 /* pt */ = {isa = PBXFileReference; lastKnownFileType = image.png; name = pt; path = pt.lproj/GARGANTA2.png; sourceTree = "<group>"; };
		1EFBDF7C1ACC6E8500746419 /* Base */ = {isa = PBXFileReference; lastKnownFileType = image.png; name = Base; path = Base.lproj/EMERGENCIA.png; sourceTree = "<group>"; };
		1EFBDF7E1ACC6E8500746419 /* Base */ = {isa = PBXFileReference; lastKnownFileType = image.png; name = Base; path = Base.lproj/hospital.png; sourceTree = "<group>"; };
		1EFBDF801ACC6E8500746419 /* Base */ = {isa = PBXFileReference; lastKnownFileType = image.png; name = Base; path = Base.lproj/POLICIA.png; sourceTree = "<group>"; };
		1EFBDF811ACC6E8500746419 /* en */ = {isa = PBXFileReference; lastKnownFileType = image.png; name = en; path = en.lproj/EMERGENCIA.png; sourceTree = "<group>"; };
		1EFBDF821ACC6E8500746419 /* en */ = {isa = PBXFileReference; lastKnownFileType = image.png; name = en; path = en.lproj/hospital.png; sourceTree = "<group>"; };
		1EFBDF831ACC6E8500746419 /* en */ = {isa = PBXFileReference; lastKnownFileType = image.png; name = en; path = en.lproj/POLICIA.png; sourceTree = "<group>"; };
		1EFBDF841ACC6E8500746419 /* pt */ = {isa = PBXFileReference; lastKnownFileType = image.png; name = pt; path = pt.lproj/EMERGENCIA.png; sourceTree = "<group>"; };
		1EFBDF851ACC6E8500746419 /* pt */ = {isa = PBXFileReference; lastKnownFileType = image.png; name = pt; path = pt.lproj/hospital.png; sourceTree = "<group>"; };
		1EFBDF861ACC6E8500746419 /* pt */ = {isa = PBXFileReference; lastKnownFileType = image.png; name = pt; path = pt.lproj/POLICIA.png; sourceTree = "<group>"; };
		1EFBDF891ACC6E8500746419 /* Base */ = {isa = PBXFileReference; lastKnownFileType = image.png; name = Base; path = Base.lproj/DOENTE.png; sourceTree = "<group>"; };
		1EFBDF8B1ACC6E8500746419 /* Base */ = {isa = PBXFileReference; lastKnownFileType = image.png; name = Base; path = Base.lproj/FELIZ.png; sourceTree = "<group>"; };
		1EFBDF8D1ACC6E8500746419 /* Base */ = {isa = PBXFileReference; lastKnownFileType = image.png; name = Base; path = Base.lproj/TRISTE.png; sourceTree = "<group>"; };
		1EFBDF8E1ACC6E8500746419 /* en */ = {isa = PBXFileReference; lastKnownFileType = image.png; name = en; path = en.lproj/DOENTE.png; sourceTree = "<group>"; };
		1EFBDF8F1ACC6E8500746419 /* en */ = {isa = PBXFileReference; lastKnownFileType = image.png; name = en; path = en.lproj/FELIZ.png; sourceTree = "<group>"; };
		1EFBDF901ACC6E8500746419 /* en */ = {isa = PBXFileReference; lastKnownFileType = image.png; name = en; path = en.lproj/TRISTE.png; sourceTree = "<group>"; };
		1EFBDF911ACC6E8500746419 /* pt */ = {isa = PBXFileReference; lastKnownFileType = image.png; name = pt; path = pt.lproj/DOENTE.png; sourceTree = "<group>"; };
		1EFBDF921ACC6E8500746419 /* pt */ = {isa = PBXFileReference; lastKnownFileType = image.png; name = pt; path = pt.lproj/FELIZ.png; sourceTree = "<group>"; };
		1EFBDF931ACC6E8500746419 /* pt */ = {isa = PBXFileReference; lastKnownFileType = image.png; name = pt; path = pt.lproj/TRISTE.png; sourceTree = "<group>"; };
		1EFBDF961ACC6E8500746419 /* Base */ = {isa = PBXFileReference; lastKnownFileType = image.png; name = Base; path = Base.lproj/Base_Menino.png; sourceTree = "<group>"; };
		1EFBDF981ACC6E8500746419 /* Base */ = {isa = PBXFileReference; lastKnownFileType = image.png; name = Base; path = Base.lproj/BEBER.png; sourceTree = "<group>"; };
		1EFBDF9A1ACC6E8500746419 /* Base */ = {isa = PBXFileReference; lastKnownFileType = image.png; name = Base; path = Base.lproj/COMER.png; sourceTree = "<group>"; };
		1EFBDF9C1ACC6E8500746419 /* Base */ = {isa = PBXFileReference; lastKnownFileType = image.png; name = Base; path = Base.lproj/EU.png; sourceTree = "<group>"; };
		1EFBDF9E1ACC6E8500746419 /* Base */ = {isa = PBXFileReference; lastKnownFileType = image.png; name = Base; path = Base.lproj/QUERO.png; sourceTree = "<group>"; };
		1EFBDF9F1ACC6E8500746419 /* en */ = {isa = PBXFileReference; lastKnownFileType = image.png; name = en; path = en.lproj/Base_Menino.png; sourceTree = "<group>"; };
		1EFBDFA01ACC6E8500746419 /* en */ = {isa = PBXFileReference; lastKnownFileType = image.png; name = en; path = en.lproj/BEBER.png; sourceTree = "<group>"; };
		1EFBDFA11ACC6E8500746419 /* en */ = {isa = PBXFileReference; lastKnownFileType = image.png; name = en; path = en.lproj/COMER.png; sourceTree = "<group>"; };
		1EFBDFA21ACC6E8500746419 /* en */ = {isa = PBXFileReference; lastKnownFileType = image.png; name = en; path = en.lproj/EU.png; sourceTree = "<group>"; };
		1EFBDFA31ACC6E8500746419 /* en */ = {isa = PBXFileReference; lastKnownFileType = image.png; name = en; path = en.lproj/QUERO.png; sourceTree = "<group>"; };
		1EFBDFA41ACC6E8500746419 /* pt */ = {isa = PBXFileReference; lastKnownFileType = image.png; name = pt; path = pt.lproj/Base_Menino.png; sourceTree = "<group>"; };
		1EFBDFA51ACC6E8500746419 /* pt */ = {isa = PBXFileReference; lastKnownFileType = image.png; name = pt; path = pt.lproj/BEBER.png; sourceTree = "<group>"; };
		1EFBDFA61ACC6E8500746419 /* pt */ = {isa = PBXFileReference; lastKnownFileType = image.png; name = pt; path = pt.lproj/COMER.png; sourceTree = "<group>"; };
		1EFBDFA71ACC6E8500746419 /* pt */ = {isa = PBXFileReference; lastKnownFileType = image.png; name = pt; path = pt.lproj/EU.png; sourceTree = "<group>"; };
		1EFBDFA81ACC6E8500746419 /* pt */ = {isa = PBXFileReference; lastKnownFileType = image.png; name = pt; path = pt.lproj/QUERO.png; sourceTree = "<group>"; };
		1EFBDFAB1ACC6E8500746419 /* Base */ = {isa = PBXFileReference; lastKnownFileType = image.png; name = Base; path = Base.lproj/BANHEIRO.png; sourceTree = "<group>"; };
		1EFBDFAD1ACC6E8500746419 /* Base */ = {isa = PBXFileReference; lastKnownFileType = image.png; name = Base; path = Base.lproj/EscovarDentes.png; sourceTree = "<group>"; };
		1EFBDFAF1ACC6E8500746419 /* Base */ = {isa = PBXFileReference; lastKnownFileType = image.png; name = Base; path = Base.lproj/LavarMao.png; sourceTree = "<group>"; };
		1EFBDFB11ACC6E8500746419 /* Base */ = {isa = PBXFileReference; lastKnownFileType = image.png; name = Base; path = Base.lproj/TomarBanho.png; sourceTree = "<group>"; };
		1EFBDFB21ACC6E8500746419 /* en */ = {isa = PBXFileReference; lastKnownFileType = image.png; name = en; path = en.lproj/BANHEIRO.png; sourceTree = "<group>"; };
		1EFBDFB31ACC6E8500746419 /* en */ = {isa = PBXFileReference; lastKnownFileType = image.png; name = en; path = en.lproj/EscovarDentes.png; sourceTree = "<group>"; };
		1EFBDFB41ACC6E8500746419 /* en */ = {isa = PBXFileReference; lastKnownFileType = image.png; name = en; path = en.lproj/LavarMao.png; sourceTree = "<group>"; };
		1EFBDFB51ACC6E8500746419 /* en */ = {isa = PBXFileReference; lastKnownFileType = image.png; name = en; path = en.lproj/TomarBanho.png; sourceTree = "<group>"; };
		1EFBDFB61ACC6E8500746419 /* pt */ = {isa = PBXFileReference; lastKnownFileType = image.png; name = pt; path = pt.lproj/BANHEIRO.png; sourceTree = "<group>"; };
		1EFBDFB71ACC6E8500746419 /* pt */ = {isa = PBXFileReference; lastKnownFileType = image.png; name = pt; path = pt.lproj/EscovarDentes.png; sourceTree = "<group>"; };
		1EFBDFB81ACC6E8500746419 /* pt */ = {isa = PBXFileReference; lastKnownFileType = image.png; name = pt; path = pt.lproj/LavarMao.png; sourceTree = "<group>"; };
		1EFBDFB91ACC6E8500746419 /* pt */ = {isa = PBXFileReference; lastKnownFileType = image.png; name = pt; path = pt.lproj/TomarBanho.png; sourceTree = "<group>"; };
		1EFBDFBC1ACC6E8500746419 /* Base */ = {isa = PBXFileReference; lastKnownFileType = image.png; name = Base; path = Base.lproj/QueHorasSao.png; sourceTree = "<group>"; };
		1EFBDFBD1ACC6E8500746419 /* en */ = {isa = PBXFileReference; lastKnownFileType = image.png; name = en; path = en.lproj/QueHorasSao.png; sourceTree = "<group>"; };
		1EFBDFBE1ACC6E8500746419 /* pt */ = {isa = PBXFileReference; lastKnownFileType = image.png; name = pt; path = pt.lproj/QueHorasSao.png; sourceTree = "<group>"; };
		1EFBDFD71ACC737B00746419 /* Base */ = {isa = PBXFileReference; lastKnownFileType = text.plist.strings; name = Base; path = Base.lproj/Localizable.strings; sourceTree = "<group>"; };
		7A620C821AC8AF4F0038C4EA /* TableViewController.h */ = {isa = PBXFileReference; fileEncoding = 4; lastKnownFileType = sourcecode.c.h; path = TableViewController.h; sourceTree = "<group>"; };
		7A620C831AC8AF4F0038C4EA /* TableViewController.m */ = {isa = PBXFileReference; fileEncoding = 4; lastKnownFileType = sourcecode.c.objc; path = TableViewController.m; sourceTree = "<group>"; };
		7A620C881AC8B22A0038C4EA /* TableViewCell.h */ = {isa = PBXFileReference; fileEncoding = 4; lastKnownFileType = sourcecode.c.h; name = TableViewCell.h; path = ../TableViewCell.h; sourceTree = "<group>"; };
		7A620C891AC8B22A0038C4EA /* TableViewCell.m */ = {isa = PBXFileReference; fileEncoding = 4; lastKnownFileType = sourcecode.c.objc; name = TableViewCell.m; path = ../TableViewCell.m; sourceTree = "<group>"; };
		7A620C971AC8BC150038C4EA /* DetailsViewController.h */ = {isa = PBXFileReference; fileEncoding = 4; lastKnownFileType = sourcecode.c.h; path = DetailsViewController.h; sourceTree = "<group>"; };
		7A620C981AC8BC150038C4EA /* DetailsViewController.m */ = {isa = PBXFileReference; fileEncoding = 4; lastKnownFileType = sourcecode.c.objc; path = DetailsViewController.m; sourceTree = "<group>"; };
		EB0713EE1AC330DF002B9645 /* Base */ = {isa = PBXFileReference; lastKnownFileType = file; name = Base; path = Base.lproj/audio0.m4a; sourceTree = "<group>"; };
		EB0713F01AC330E0002B9645 /* pt */ = {isa = PBXFileReference; lastKnownFileType = file; name = pt; path = pt.lproj/audio0.m4a; sourceTree = "<group>"; };
		EB0713F11AC330E1002B9645 /* en */ = {isa = PBXFileReference; lastKnownFileType = file; name = en; path = en.lproj/audio0.m4a; sourceTree = "<group>"; };
		EB0713F61AC3325E002B9645 /* MainMenuViewController.h */ = {isa = PBXFileReference; fileEncoding = 4; lastKnownFileType = sourcecode.c.h; path = MainMenuViewController.h; sourceTree = "<group>"; };
		EB0713F71AC3325E002B9645 /* MainMenuViewController.m */ = {isa = PBXFileReference; fileEncoding = 4; lastKnownFileType = sourcecode.c.objc; path = MainMenuViewController.m; sourceTree = "<group>"; };
		EB1D77631ACC32B40045E2C7 /* BoardViewerCell.h */ = {isa = PBXFileReference; fileEncoding = 4; lastKnownFileType = sourcecode.c.h; path = BoardViewerCell.h; sourceTree = "<group>"; };
		EB1D77641ACC32B40045E2C7 /* BoardViewerCell.m */ = {isa = PBXFileReference; fileEncoding = 4; lastKnownFileType = sourcecode.c.objc; path = BoardViewerCell.m; sourceTree = "<group>"; };
		EB398FF91AC597380099BD07 /* ImagesCollection.h */ = {isa = PBXFileReference; fileEncoding = 4; lastKnownFileType = sourcecode.c.h; path = ImagesCollection.h; sourceTree = "<group>"; };
		EB398FFA1AC597380099BD07 /* ImagesCollection.m */ = {isa = PBXFileReference; fileEncoding = 4; lastKnownFileType = sourcecode.c.objc; path = ImagesCollection.m; sourceTree = "<group>"; };
		EB45BBB21AC31F95005CE9BE /* pt */ = {isa = PBXFileReference; lastKnownFileType = text.plist.strings; name = pt; path = pt.lproj/Main.strings; sourceTree = "<group>"; };
		EB45BBB31AC31F95005CE9BE /* pt */ = {isa = PBXFileReference; lastKnownFileType = text.plist.strings; name = pt; path = pt.lproj/LaunchScreen.strings; sourceTree = "<group>"; };
		EB45BBB71AC321B3005CE9BE /* en */ = {isa = PBXFileReference; lastKnownFileType = text.plist.strings; name = en; path = en.lproj/Localizable.strings; sourceTree = "<group>"; };
		EB45BBB91AC321C8005CE9BE /* pt */ = {isa = PBXFileReference; lastKnownFileType = text.plist.strings; name = pt; path = pt.lproj/Localizable.strings; sourceTree = "<group>"; };
		EB5367311AC1E4290000B7F3 /* Aphasia.app */ = {isa = PBXFileReference; explicitFileType = wrapper.application; includeInIndex = 0; path = Aphasia.app; sourceTree = BUILT_PRODUCTS_DIR; };
		EB5367351AC1E4290000B7F3 /* Info.plist */ = {isa = PBXFileReference; lastKnownFileType = text.plist.xml; path = Info.plist; sourceTree = "<group>"; };
		EB5367361AC1E4290000B7F3 /* main.m */ = {isa = PBXFileReference; lastKnownFileType = sourcecode.c.objc; path = main.m; sourceTree = "<group>"; };
		EB5367381AC1E4290000B7F3 /* AppDelegate.h */ = {isa = PBXFileReference; lastKnownFileType = sourcecode.c.h; path = AppDelegate.h; sourceTree = "<group>"; };
		EB5367391AC1E4290000B7F3 /* AppDelegate.m */ = {isa = PBXFileReference; lastKnownFileType = sourcecode.c.objc; path = AppDelegate.m; sourceTree = "<group>"; };
		EB53673B1AC1E4290000B7F3 /* GetStartedViewController.h */ = {isa = PBXFileReference; lastKnownFileType = sourcecode.c.h; name = GetStartedViewController.h; path = Aphasia/GetStartedViewController.h; sourceTree = "<group>"; };
		EB53673C1AC1E4290000B7F3 /* GetStartedViewController.m */ = {isa = PBXFileReference; lastKnownFileType = sourcecode.c.objc; name = GetStartedViewController.m; path = Aphasia/GetStartedViewController.m; sourceTree = "<group>"; };
		EB53673F1AC1E4290000B7F3 /* Base */ = {isa = PBXFileReference; lastKnownFileType = file.storyboard; name = Base; path = Base.lproj/Main.storyboard; sourceTree = "<group>"; };
		EB5367441AC1E4290000B7F3 /* Base */ = {isa = PBXFileReference; lastKnownFileType = file.xib; name = Base; path = Base.lproj/LaunchScreen.xib; sourceTree = "<group>"; };
		EB53674A1AC1E4290000B7F3 /* AphasiaTests.xctest */ = {isa = PBXFileReference; explicitFileType = wrapper.cfbundle; includeInIndex = 0; path = AphasiaTests.xctest; sourceTree = BUILT_PRODUCTS_DIR; };
		EB53674F1AC1E4290000B7F3 /* Info.plist */ = {isa = PBXFileReference; lastKnownFileType = text.plist.xml; path = Info.plist; sourceTree = "<group>"; };
		EB5367501AC1E4290000B7F3 /* AphasiaTests.m */ = {isa = PBXFileReference; lastKnownFileType = sourcecode.c.objc; path = AphasiaTests.m; sourceTree = "<group>"; };
		EB8401791AC9E91A00BF73EF /* BoardStructureNode.h */ = {isa = PBXFileReference; fileEncoding = 4; lastKnownFileType = sourcecode.c.h; path = BoardStructureNode.h; sourceTree = "<group>"; };
		EB84017A1AC9E91A00BF73EF /* BoardStructureNode.m */ = {isa = PBXFileReference; fileEncoding = 4; lastKnownFileType = sourcecode.c.objc; path = BoardStructureNode.m; sourceTree = "<group>"; };
		EBB11D1D1AC5F9E70030B387 /* BoardViewerViewController.h */ = {isa = PBXFileReference; fileEncoding = 4; lastKnownFileType = sourcecode.c.h; path = BoardViewerViewController.h; sourceTree = "<group>"; };
		EBB11D1E1AC5F9E70030B387 /* BoardViewerViewController.m */ = {isa = PBXFileReference; fileEncoding = 4; lastKnownFileType = sourcecode.c.objc; path = BoardViewerViewController.m; sourceTree = "<group>"; };
		EBC0DC951AC47D4000B924E3 /* ImageCell.xib */ = {isa = PBXFileReference; fileEncoding = 4; lastKnownFileType = file.xib; path = ImageCell.xib; sourceTree = "<group>"; };
/* End PBXFileReference section */

/* Begin PBXFrameworksBuildPhase section */
		EB53672E1AC1E4290000B7F3 /* Frameworks */ = {
			isa = PBXFrameworksBuildPhase;
			buildActionMask = 2147483647;
			files = (
			);
			runOnlyForDeploymentPostprocessing = 0;
		};
		EB5367471AC1E4290000B7F3 /* Frameworks */ = {
			isa = PBXFrameworksBuildPhase;
			buildActionMask = 2147483647;
			files = (
			);
			runOnlyForDeploymentPostprocessing = 0;
		};
/* End PBXFrameworksBuildPhase section */

/* Begin PBXGroup section */
		1ECD4B3D1ACAF7FA00B41C8C /* Cell */ = {
			isa = PBXGroup;
			children = (
				7A620C881AC8B22A0038C4EA /* TableViewCell.h */,
				7A620C891AC8B22A0038C4EA /* TableViewCell.m */,
				EB1D77631ACC32B40045E2C7 /* BoardViewerCell.h */,
				EB1D77641ACC32B40045E2C7 /* BoardViewerCell.m */,
			);
			name = Cell;
			sourceTree = "<group>";
		};
		1EFBDF421ACC6E2700746419 /* bebida */ = {
			isa = PBXGroup;
			children = (
				1EFBDF431ACC6E2700746419 /* AGUA.png */,
				1EFBDF451ACC6E2700746419 /* LEITE.png */,
				1EFBDF471ACC6E2700746419 /* REFRIGERANTE.png */,
				1EFBDF491ACC6E2700746419 /* SUCO.png */,
			);
			path = bebida;
			sourceTree = "<group>";
		};
		1EFBDF571ACC6E8500746419 /* comida */ = {
			isa = PBXGroup;
			children = (
				1EFBDF581ACC6E8500746419 /* BANANA.png */,
				1EFBDF5A1ACC6E8500746419 /* maca.png */,
				1EFBDF5C1ACC6E8500746419 /* PAO.png */,
			);
			path = comida;
			sourceTree = "<group>";
		};
		1EFBDF641ACC6E8500746419 /* cumprimentos */ = {
			isa = PBXGroup;
			children = (
				1EFBDF651ACC6E8500746419 /* OI.png */,
				1EFBDF671ACC6E8500746419 /* TCHAU.png */,
			);
			path = cumprimentos;
			sourceTree = "<group>";
		};
		1EFBDF6D1ACC6E8500746419 /* dor */ = {
			isa = PBXGroup;
			children = (
				1EFBDF6E1ACC6E8500746419 /* BARRIGA.png */,
				1EFBDF701ACC6E8500746419 /* CABECA2.png */,
				1EFBDF721ACC6E8500746419 /* GARGANTA2.png */,
			);
			path = dor;
			sourceTree = "<group>";
		};
		1EFBDF7A1ACC6E8500746419 /* emergencia */ = {
			isa = PBXGroup;
			children = (
				1EFBDF7B1ACC6E8500746419 /* EMERGENCIA.png */,
				1EFBDF7D1ACC6E8500746419 /* hospital.png */,
				1EFBDF7F1ACC6E8500746419 /* POLICIA.png */,
			);
			path = emergencia;
			sourceTree = "<group>";
		};
		1EFBDF871ACC6E8500746419 /* emocoes */ = {
			isa = PBXGroup;
			children = (
				1EFBDF881ACC6E8500746419 /* DOENTE.png */,
				1EFBDF8A1ACC6E8500746419 /* FELIZ.png */,
				1EFBDF8C1ACC6E8500746419 /* TRISTE.png */,
			);
			path = emocoes;
			sourceTree = "<group>";
		};
		1EFBDF941ACC6E8500746419 /* eu */ = {
			isa = PBXGroup;
			children = (
				1EFBDF951ACC6E8500746419 /* Base_Menino.png */,
				1EFBDF971ACC6E8500746419 /* BEBER.png */,
				1EFBDF991ACC6E8500746419 /* COMER.png */,
				1EFBDF9B1ACC6E8500746419 /* EU.png */,
				1EFBDF9D1ACC6E8500746419 /* QUERO.png */,
			);
			path = eu;
			sourceTree = "<group>";
		};
		1EFBDFA91ACC6E8500746419 /* necessidades pessoais */ = {
			isa = PBXGroup;
			children = (
				1EFBDFAA1ACC6E8500746419 /* BANHEIRO.png */,
				1EFBDFAC1ACC6E8500746419 /* EscovarDentes.png */,
				1EFBDFAE1ACC6E8500746419 /* LavarMao.png */,
				1EFBDFB01ACC6E8500746419 /* TomarBanho.png */,
			);
			path = "necessidades pessoais";
			sourceTree = "<group>";
		};
		1EFBDFBA1ACC6E8500746419 /* perguntas */ = {
			isa = PBXGroup;
			children = (
				1EFBDFBB1ACC6E8500746419 /* QueHorasSao.png */,
			);
			path = perguntas;
			sourceTree = "<group>";
		};
		EB0713E41AC32CBE002B9645 /* Images */ = {
			isa = PBXGroup;
			children = (
				1EFBDF421ACC6E2700746419 /* bebida */,
				1EFBDF571ACC6E8500746419 /* comida */,
				1EFBDF641ACC6E8500746419 /* cumprimentos */,
				1EFBDF6D1ACC6E8500746419 /* dor */,
				1EFBDF7A1ACC6E8500746419 /* emergencia */,
				1EFBDF871ACC6E8500746419 /* emocoes */,
				1EFBDF941ACC6E8500746419 /* eu */,
				1EFBDFA91ACC6E8500746419 /* necessidades pessoais */,
				1EFBDFBA1ACC6E8500746419 /* perguntas */,
				1E78C71B1ACC653A004863DB /* icon_edit.png */,
				1E78C7161ACC6533004863DB /* icon_home.png */,
				1E78C70C1ACC63C1004863DB /* category_emotion.png */,
				1E78C7201ACC6543004863DB /* left_arrow.png */,
				1E78C7251ACC654A004863DB /* right_arrow.png */,
				1E78C7111ACC652A004863DB /* profile.png */,
			);
			name = Images;
			path = ..;
			sourceTree = "<group>";
		};
		EB0713EC1AC3308F002B9645 /* Audio */ = {
			isa = PBXGroup;
			children = (
				EB0713EF1AC330DF002B9645 /* audio0.m4a */,
			);
			name = Audio;
			path = ..;
			sourceTree = "<group>";
		};
		EB0713F51AC33215002B9645 /* ViewControllers */ = {
			isa = PBXGroup;
			children = (
				7A620C821AC8AF4F0038C4EA /* TableViewController.h */,
				7A620C831AC8AF4F0038C4EA /* TableViewController.m */,
				7A620C971AC8BC150038C4EA /* DetailsViewController.h */,
				7A620C981AC8BC150038C4EA /* DetailsViewController.m */,
				1DB189DF1AC9BCE500D8EE69 /* AddCategoryViewController.h */,
				1DB189E01AC9BCE500D8EE69 /* AddCategoryViewController.m */,
				EBB11D1D1AC5F9E70030B387 /* BoardViewerViewController.h */,
				EBB11D1E1AC5F9E70030B387 /* BoardViewerViewController.m */,
				EB53673B1AC1E4290000B7F3 /* GetStartedViewController.h */,
				EB53673C1AC1E4290000B7F3 /* GetStartedViewController.m */,
				EB0713F61AC3325E002B9645 /* MainMenuViewController.h */,
				EB0713F71AC3325E002B9645 /* MainMenuViewController.m */,
			);
			name = ViewControllers;
			path = ..;
			sourceTree = "<group>";
		};
		EB398FF81AC596DC0099BD07 /* Model */ = {
			isa = PBXGroup;
			children = (
				EB8401791AC9E91A00BF73EF /* BoardStructureNode.h */,
				EB84017A1AC9E91A00BF73EF /* BoardStructureNode.m */,
				EB398FF91AC597380099BD07 /* ImagesCollection.h */,
				EB398FFA1AC597380099BD07 /* ImagesCollection.m */,
				1DB189E21AC9D30400D8EE69 /* StoredData.h */,
				1DB189E31AC9D30400D8EE69 /* StoredData.m */,
				1DB189E51AC9D54700D8EE69 /* AphasiaCategory.h */,
				1DB189E61AC9D54700D8EE69 /* AphasiaCategory.m */,
				1ECD4B401ACB021400B41C8C /* AphasiaElement.h */,
				1ECD4B411ACB021400B41C8C /* AphasiaElement.m */,
			);
			name = Model;
			path = ..;
			sourceTree = "<group>";
		};
		EB5367281AC1E4290000B7F3 = {
			isa = PBXGroup;
			children = (
				1EEAF0181AC4943D00923593 /* Settings.bundle */,
				EB5367331AC1E4290000B7F3 /* Aphasia */,
				EB53674D1AC1E4290000B7F3 /* AphasiaTests */,
				EB5367321AC1E4290000B7F3 /* Products */,
			);
			sourceTree = "<group>";
		};
		EB5367321AC1E4290000B7F3 /* Products */ = {
			isa = PBXGroup;
			children = (
				EB5367311AC1E4290000B7F3 /* Aphasia.app */,
				EB53674A1AC1E4290000B7F3 /* AphasiaTests.xctest */,
			);
			name = Products;
			sourceTree = "<group>";
		};
		EB5367331AC1E4290000B7F3 /* Aphasia */ = {
			isa = PBXGroup;
			children = (
				1ECD4B3D1ACAF7FA00B41C8C /* Cell */,
				EB398FF81AC596DC0099BD07 /* Model */,
				EB0713F51AC33215002B9645 /* ViewControllers */,
				EB5367381AC1E4290000B7F3 /* AppDelegate.h */,
				EB5367391AC1E4290000B7F3 /* AppDelegate.m */,
				EB53673E1AC1E4290000B7F3 /* Main.storyboard */,
				EBC0DC951AC47D4000B924E3 /* ImageCell.xib */,
				EB5367431AC1E4290000B7F3 /* LaunchScreen.xib */,
				EB5367341AC1E4290000B7F3 /* Supporting Files */,
			);
			path = Aphasia;
			sourceTree = "<group>";
		};
		EB5367341AC1E4290000B7F3 /* Supporting Files */ = {
			isa = PBXGroup;
			children = (
				EB0713EC1AC3308F002B9645 /* Audio */,
				EB0713E41AC32CBE002B9645 /* Images */,
				EB45BBB81AC321B3005CE9BE /* Localizable.strings */,
				EB5367351AC1E4290000B7F3 /* Info.plist */,
				EB5367361AC1E4290000B7F3 /* main.m */,
			);
			name = "Supporting Files";
			sourceTree = "<group>";
		};
		EB53674D1AC1E4290000B7F3 /* AphasiaTests */ = {
			isa = PBXGroup;
			children = (
				EB5367501AC1E4290000B7F3 /* AphasiaTests.m */,
				EB53674E1AC1E4290000B7F3 /* Supporting Files */,
			);
			path = AphasiaTests;
			sourceTree = "<group>";
		};
		EB53674E1AC1E4290000B7F3 /* Supporting Files */ = {
			isa = PBXGroup;
			children = (
				EB53674F1AC1E4290000B7F3 /* Info.plist */,
			);
			name = "Supporting Files";
			sourceTree = "<group>";
		};
/* End PBXGroup section */

/* Begin PBXNativeTarget section */
		EB5367301AC1E4290000B7F3 /* Aphasia */ = {
			isa = PBXNativeTarget;
			buildConfigurationList = EB5367541AC1E4290000B7F3 /* Build configuration list for PBXNativeTarget "Aphasia" */;
			buildPhases = (
				EB53672D1AC1E4290000B7F3 /* Sources */,
				EB53672E1AC1E4290000B7F3 /* Frameworks */,
				EB53672F1AC1E4290000B7F3 /* Resources */,
			);
			buildRules = (
			);
			dependencies = (
			);
			name = Aphasia;
			productName = Aphasia;
			productReference = EB5367311AC1E4290000B7F3 /* Aphasia.app */;
			productType = "com.apple.product-type.application";
		};
		EB5367491AC1E4290000B7F3 /* AphasiaTests */ = {
			isa = PBXNativeTarget;
			buildConfigurationList = EB5367571AC1E4290000B7F3 /* Build configuration list for PBXNativeTarget "AphasiaTests" */;
			buildPhases = (
				EB5367461AC1E4290000B7F3 /* Sources */,
				EB5367471AC1E4290000B7F3 /* Frameworks */,
				EB5367481AC1E4290000B7F3 /* Resources */,
			);
			buildRules = (
			);
			dependencies = (
				EB53674C1AC1E4290000B7F3 /* PBXTargetDependency */,
			);
			name = AphasiaTests;
			productName = AphasiaTests;
			productReference = EB53674A1AC1E4290000B7F3 /* AphasiaTests.xctest */;
			productType = "com.apple.product-type.bundle.unit-test";
		};
/* End PBXNativeTarget section */

/* Begin PBXProject section */
		EB5367291AC1E4290000B7F3 /* Project object */ = {
			isa = PBXProject;
			attributes = {
				LastUpgradeCheck = 0620;
				ORGANIZATIONNAME = "B-B-BOOM!";
				TargetAttributes = {
					EB5367301AC1E4290000B7F3 = {
						CreatedOnToolsVersion = 6.2;
						DevelopmentTeam = 4A8P94PWWG;
					};
					EB5367491AC1E4290000B7F3 = {
						CreatedOnToolsVersion = 6.2;
						TestTargetID = EB5367301AC1E4290000B7F3;
					};
				};
			};
			buildConfigurationList = EB53672C1AC1E4290000B7F3 /* Build configuration list for PBXProject "Aphasia" */;
			compatibilityVersion = "Xcode 3.2";
			developmentRegion = English;
			hasScannedForEncodings = 0;
			knownRegions = (
				en,
				Base,
				pt,
			);
			mainGroup = EB5367281AC1E4290000B7F3;
			productRefGroup = EB5367321AC1E4290000B7F3 /* Products */;
			projectDirPath = "";
			projectRoot = "";
			targets = (
				EB5367301AC1E4290000B7F3 /* Aphasia */,
				EB5367491AC1E4290000B7F3 /* AphasiaTests */,
			);
		};
/* End PBXProject section */

/* Begin PBXResourcesBuildPhase section */
		EB53672F1AC1E4290000B7F3 /* Resources */ = {
			isa = PBXResourcesBuildPhase;
			buildActionMask = 2147483647;
			files = (
				1EFBDFC61ACC6E8500746419 /* GARGANTA2.png in Resources */,
				1EFBDFC11ACC6E8500746419 /* PAO.png in Resources */,
				1EFBDFC51ACC6E8500746419 /* CABECA2.png in Resources */,
				1EFBDFD61ACC6E8500746419 /* QueHorasSao.png in Resources */,
				1EFBDFC41ACC6E8500746419 /* BARRIGA.png in Resources */,
				1EFBDFC81ACC6E8500746419 /* hospital.png in Resources */,
				1EEAF0191AC4943D00923593 /* Settings.bundle in Resources */,
				1EFBDF541ACC6E2700746419 /* LEITE.png in Resources */,
				EB5367401AC1E4290000B7F3 /* Main.storyboard in Resources */,
				1E78C70A1ACC63C1004863DB /* category_emotion.png in Resources */,
				1EFBDFCA1ACC6E8500746419 /* DOENTE.png in Resources */,
				1EFBDFCB1ACC6E8500746419 /* FELIZ.png in Resources */,
				1EFBDFD21ACC6E8500746419 /* BANHEIRO.png in Resources */,
				EBC0DC961AC47D4000B924E3 /* ImageCell.xib in Resources */,
				1EFBDF551ACC6E2700746419 /* REFRIGERANTE.png in Resources */,
				1EFBDF531ACC6E2700746419 /* AGUA.png in Resources */,
				1E78C7231ACC654A004863DB /* right_arrow.png in Resources */,
				1EFBDFD01ACC6E8500746419 /* EU.png in Resources */,
				1EFBDFCC1ACC6E8500746419 /* TRISTE.png in Resources */,
				1EFBDFC31ACC6E8500746419 /* TCHAU.png in Resources */,
				EB45BBB61AC321B3005CE9BE /* Localizable.strings in Resources */,
				1EFBDFCF1ACC6E8500746419 /* COMER.png in Resources */,
				1EFBDFC91ACC6E8500746419 /* POLICIA.png in Resources */,
				1EFBDF561ACC6E2700746419 /* SUCO.png in Resources */,
				1E78C70F1ACC652A004863DB /* profile.png in Resources */,
				1E78C7141ACC6533004863DB /* icon_home.png in Resources */,
				1EFBDFCD1ACC6E8500746419 /* Base_Menino.png in Resources */,
				1EFBDFC71ACC6E8500746419 /* EMERGENCIA.png in Resources */,
				1EFBDFD41ACC6E8500746419 /* LavarMao.png in Resources */,
				1EFBDFD51ACC6E8500746419 /* TomarBanho.png in Resources */,
				1E78C7191ACC653A004863DB /* icon_edit.png in Resources */,
				1EFBDFC01ACC6E8500746419 /* maca.png in Resources */,
				1EFBDFD11ACC6E8500746419 /* QUERO.png in Resources */,
				1EFBDFD31ACC6E8500746419 /* EscovarDentes.png in Resources */,
				1E78C71E1ACC6543004863DB /* left_arrow.png in Resources */,
				1EFBDFBF1ACC6E8500746419 /* BANANA.png in Resources */,
				EB5367451AC1E4290000B7F3 /* LaunchScreen.xib in Resources */,
				1EFBDFC21ACC6E8500746419 /* OI.png in Resources */,
				1EFBDFCE1ACC6E8500746419 /* BEBER.png in Resources */,
			);
			runOnlyForDeploymentPostprocessing = 0;
		};
		EB5367481AC1E4290000B7F3 /* Resources */ = {
			isa = PBXResourcesBuildPhase;
			buildActionMask = 2147483647;
			files = (
			);
			runOnlyForDeploymentPostprocessing = 0;
		};
/* End PBXResourcesBuildPhase section */

/* Begin PBXSourcesBuildPhase section */
		EB53672D1AC1E4290000B7F3 /* Sources */ = {
			isa = PBXSourcesBuildPhase;
			buildActionMask = 2147483647;
			files = (
				EB398FFB1AC597380099BD07 /* ImagesCollection.m in Sources */,
				EB0713F81AC3325E002B9645 /* MainMenuViewController.m in Sources */,
				EB53673D1AC1E4290000B7F3 /* GetStartedViewController.m in Sources */,
				EB84017B1AC9E91A00BF73EF /* BoardStructureNode.m in Sources */,
				EB53673A1AC1E4290000B7F3 /* AppDelegate.m in Sources */,
				EB5367371AC1E4290000B7F3 /* main.m in Sources */,
				1DB189E41AC9D30400D8EE69 /* StoredData.m in Sources */,
				7A620C8A1AC8B22A0038C4EA /* TableViewCell.m in Sources */,
				1DB189E71AC9D54700D8EE69 /* AphasiaCategory.m in Sources */,
				EB1D77651ACC32B40045E2C7 /* BoardViewerCell.m in Sources */,
				7A620C991AC8BC150038C4EA /* DetailsViewController.m in Sources */,
				1ECD4B421ACB021400B41C8C /* AphasiaElement.m in Sources */,
				7A620C841AC8AF500038C4EA /* TableViewController.m in Sources */,
				1DB189E11AC9BCE500D8EE69 /* AddCategoryViewController.m in Sources */,
				EBB11D1F1AC5F9E70030B387 /* BoardViewerViewController.m in Sources */,
			);
			runOnlyForDeploymentPostprocessing = 0;
		};
		EB5367461AC1E4290000B7F3 /* Sources */ = {
			isa = PBXSourcesBuildPhase;
			buildActionMask = 2147483647;
			files = (
				EB5367511AC1E4290000B7F3 /* AphasiaTests.m in Sources */,
			);
			runOnlyForDeploymentPostprocessing = 0;
		};
/* End PBXSourcesBuildPhase section */

/* Begin PBXTargetDependency section */
		EB53674C1AC1E4290000B7F3 /* PBXTargetDependency */ = {
			isa = PBXTargetDependency;
			target = EB5367301AC1E4290000B7F3 /* Aphasia */;
			targetProxy = EB53674B1AC1E4290000B7F3 /* PBXContainerItemProxy */;
		};
/* End PBXTargetDependency section */

/* Begin PBXVariantGroup section */
		1E78C70C1ACC63C1004863DB /* category_emotion.png */ = {
			isa = PBXVariantGroup;
			children = (
				1E78C70B1ACC63C1004863DB /* Base */,
				1E78C70D1ACC63C9004863DB /* en */,
				1E78C70E1ACC63CA004863DB /* pt */,
			);
			name = category_emotion.png;
			sourceTree = "<group>";
		};
		1E78C7111ACC652A004863DB /* profile.png */ = {
			isa = PBXVariantGroup;
			children = (
				1E78C7101ACC652A004863DB /* Base */,
				1E78C7121ACC652C004863DB /* en */,
				1E78C7131ACC652D004863DB /* pt */,
			);
			name = profile.png;
			sourceTree = "<group>";
		};
		1E78C7161ACC6533004863DB /* icon_home.png */ = {
			isa = PBXVariantGroup;
			children = (
				1E78C7151ACC6533004863DB /* Base */,
				1E78C7171ACC6534004863DB /* en */,
				1E78C7181ACC6535004863DB /* pt */,
			);
			name = icon_home.png;
			sourceTree = "<group>";
		};
		1E78C71B1ACC653A004863DB /* icon_edit.png */ = {
			isa = PBXVariantGroup;
			children = (
				1E78C71A1ACC653A004863DB /* Base */,
				1E78C71C1ACC653B004863DB /* en */,
				1E78C71D1ACC653B004863DB /* pt */,
			);
			name = icon_edit.png;
			sourceTree = "<group>";
		};
		1E78C7201ACC6543004863DB /* left_arrow.png */ = {
			isa = PBXVariantGroup;
			children = (
				1E78C71F1ACC6543004863DB /* Base */,
				1E78C7211ACC6544004863DB /* en */,
				1E78C7221ACC6545004863DB /* pt */,
			);
			name = left_arrow.png;
			sourceTree = "<group>";
		};
		1E78C7251ACC654A004863DB /* right_arrow.png */ = {
			isa = PBXVariantGroup;
			children = (
				1E78C7241ACC654A004863DB /* Base */,
				1E78C7261ACC654B004863DB /* en */,
				1E78C7271ACC654B004863DB /* pt */,
			);
			name = right_arrow.png;
			sourceTree = "<group>";
		};
		1EFBDF431ACC6E2700746419 /* AGUA.png */ = {
			isa = PBXVariantGroup;
			children = (
				1EFBDF441ACC6E2700746419 /* Base */,
				1EFBDF4B1ACC6E2700746419 /* en */,
				1EFBDF4F1ACC6E2700746419 /* pt */,
			);
			name = AGUA.png;
			sourceTree = "<group>";
		};
		1EFBDF451ACC6E2700746419 /* LEITE.png */ = {
			isa = PBXVariantGroup;
			children = (
				1EFBDF461ACC6E2700746419 /* Base */,
				1EFBDF4C1ACC6E2700746419 /* en */,
				1EFBDF501ACC6E2700746419 /* pt */,
			);
			name = LEITE.png;
			sourceTree = "<group>";
		};
		1EFBDF471ACC6E2700746419 /* REFRIGERANTE.png */ = {
			isa = PBXVariantGroup;
			children = (
				1EFBDF481ACC6E2700746419 /* Base */,
				1EFBDF4D1ACC6E2700746419 /* en */,
				1EFBDF511ACC6E2700746419 /* pt */,
			);
			name = REFRIGERANTE.png;
			sourceTree = "<group>";
		};
		1EFBDF491ACC6E2700746419 /* SUCO.png */ = {
			isa = PBXVariantGroup;
			children = (
				1EFBDF4A1ACC6E2700746419 /* Base */,
				1EFBDF4E1ACC6E2700746419 /* en */,
				1EFBDF521ACC6E2700746419 /* pt */,
			);
			name = SUCO.png;
			sourceTree = "<group>";
		};
		1EFBDF581ACC6E8500746419 /* BANANA.png */ = {
			isa = PBXVariantGroup;
			children = (
				1EFBDF591ACC6E8500746419 /* Base */,
				1EFBDF5E1ACC6E8500746419 /* en */,
				1EFBDF611ACC6E8500746419 /* pt */,
			);
			name = BANANA.png;
			sourceTree = "<group>";
		};
		1EFBDF5A1ACC6E8500746419 /* maca.png */ = {
			isa = PBXVariantGroup;
			children = (
				1EFBDF5B1ACC6E8500746419 /* Base */,
				1EFBDF5F1ACC6E8500746419 /* en */,
				1EFBDF621ACC6E8500746419 /* pt */,
			);
			name = maca.png;
			sourceTree = "<group>";
		};
		1EFBDF5C1ACC6E8500746419 /* PAO.png */ = {
			isa = PBXVariantGroup;
			children = (
				1EFBDF5D1ACC6E8500746419 /* Base */,
				1EFBDF601ACC6E8500746419 /* en */,
				1EFBDF631ACC6E8500746419 /* pt */,
			);
			name = PAO.png;
			sourceTree = "<group>";
		};
		1EFBDF651ACC6E8500746419 /* OI.png */ = {
			isa = PBXVariantGroup;
			children = (
				1EFBDF661ACC6E8500746419 /* Base */,
				1EFBDF691ACC6E8500746419 /* en */,
				1EFBDF6B1ACC6E8500746419 /* pt */,
			);
			name = OI.png;
			sourceTree = "<group>";
		};
		1EFBDF671ACC6E8500746419 /* TCHAU.png */ = {
			isa = PBXVariantGroup;
			children = (
				1EFBDF681ACC6E8500746419 /* Base */,
				1EFBDF6A1ACC6E8500746419 /* en */,
				1EFBDF6C1ACC6E8500746419 /* pt */,
			);
			name = TCHAU.png;
			sourceTree = "<group>";
		};
		1EFBDF6E1ACC6E8500746419 /* BARRIGA.png */ = {
			isa = PBXVariantGroup;
			children = (
				1EFBDF6F1ACC6E8500746419 /* Base */,
				1EFBDF741ACC6E8500746419 /* en */,
				1EFBDF771ACC6E8500746419 /* pt */,
			);
			name = BARRIGA.png;
			sourceTree = "<group>";
		};
		1EFBDF701ACC6E8500746419 /* CABECA2.png */ = {
			isa = PBXVariantGroup;
			children = (
				1EFBDF711ACC6E8500746419 /* Base */,
				1EFBDF751ACC6E8500746419 /* en */,
				1EFBDF781ACC6E8500746419 /* pt */,
			);
			name = CABECA2.png;
			sourceTree = "<group>";
		};
		1EFBDF721ACC6E8500746419 /* GARGANTA2.png */ = {
			isa = PBXVariantGroup;
			children = (
				1EFBDF731ACC6E8500746419 /* Base */,
				1EFBDF761ACC6E8500746419 /* en */,
				1EFBDF791ACC6E8500746419 /* pt */,
			);
			name = GARGANTA2.png;
			sourceTree = "<group>";
		};
		1EFBDF7B1ACC6E8500746419 /* EMERGENCIA.png */ = {
			isa = PBXVariantGroup;
			children = (
				1EFBDF7C1ACC6E8500746419 /* Base */,
				1EFBDF811ACC6E8500746419 /* en */,
				1EFBDF841ACC6E8500746419 /* pt */,
			);
			name = EMERGENCIA.png;
			sourceTree = "<group>";
		};
		1EFBDF7D1ACC6E8500746419 /* hospital.png */ = {
			isa = PBXVariantGroup;
			children = (
				1EFBDF7E1ACC6E8500746419 /* Base */,
				1EFBDF821ACC6E8500746419 /* en */,
				1EFBDF851ACC6E8500746419 /* pt */,
			);
			name = hospital.png;
			sourceTree = "<group>";
		};
		1EFBDF7F1ACC6E8500746419 /* POLICIA.png */ = {
			isa = PBXVariantGroup;
			children = (
				1EFBDF801ACC6E8500746419 /* Base */,
				1EFBDF831ACC6E8500746419 /* en */,
				1EFBDF861ACC6E8500746419 /* pt */,
			);
			name = POLICIA.png;
			sourceTree = "<group>";
		};
		1EFBDF881ACC6E8500746419 /* DOENTE.png */ = {
			isa = PBXVariantGroup;
			children = (
				1EFBDF891ACC6E8500746419 /* Base */,
				1EFBDF8E1ACC6E8500746419 /* en */,
				1EFBDF911ACC6E8500746419 /* pt */,
			);
			name = DOENTE.png;
			sourceTree = "<group>";
		};
		1EFBDF8A1ACC6E8500746419 /* FELIZ.png */ = {
			isa = PBXVariantGroup;
			children = (
				1EFBDF8B1ACC6E8500746419 /* Base */,
				1EFBDF8F1ACC6E8500746419 /* en */,
				1EFBDF921ACC6E8500746419 /* pt */,
			);
			name = FELIZ.png;
			sourceTree = "<group>";
		};
		1EFBDF8C1ACC6E8500746419 /* TRISTE.png */ = {
			isa = PBXVariantGroup;
			children = (
				1EFBDF8D1ACC6E8500746419 /* Base */,
				1EFBDF901ACC6E8500746419 /* en */,
				1EFBDF931ACC6E8500746419 /* pt */,
			);
			name = TRISTE.png;
			sourceTree = "<group>";
		};
		1EFBDF951ACC6E8500746419 /* Base_Menino.png */ = {
			isa = PBXVariantGroup;
			children = (
				1EFBDF961ACC6E8500746419 /* Base */,
				1EFBDF9F1ACC6E8500746419 /* en */,
				1EFBDFA41ACC6E8500746419 /* pt */,
			);
			name = Base_Menino.png;
			sourceTree = "<group>";
		};
		1EFBDF971ACC6E8500746419 /* BEBER.png */ = {
			isa = PBXVariantGroup;
			children = (
				1EFBDF981ACC6E8500746419 /* Base */,
				1EFBDFA01ACC6E8500746419 /* en */,
				1EFBDFA51ACC6E8500746419 /* pt */,
			);
			name = BEBER.png;
			sourceTree = "<group>";
		};
		1EFBDF991ACC6E8500746419 /* COMER.png */ = {
			isa = PBXVariantGroup;
			children = (
				1EFBDF9A1ACC6E8500746419 /* Base */,
				1EFBDFA11ACC6E8500746419 /* en */,
				1EFBDFA61ACC6E8500746419 /* pt */,
			);
			name = COMER.png;
			sourceTree = "<group>";
		};
		1EFBDF9B1ACC6E8500746419 /* EU.png */ = {
			isa = PBXVariantGroup;
			children = (
				1EFBDF9C1ACC6E8500746419 /* Base */,
				1EFBDFA21ACC6E8500746419 /* en */,
				1EFBDFA71ACC6E8500746419 /* pt */,
			);
			name = EU.png;
			sourceTree = "<group>";
		};
		1EFBDF9D1ACC6E8500746419 /* QUERO.png */ = {
			isa = PBXVariantGroup;
			children = (
				1EFBDF9E1ACC6E8500746419 /* Base */,
				1EFBDFA31ACC6E8500746419 /* en */,
				1EFBDFA81ACC6E8500746419 /* pt */,
			);
			name = QUERO.png;
			sourceTree = "<group>";
		};
		1EFBDFAA1ACC6E8500746419 /* BANHEIRO.png */ = {
			isa = PBXVariantGroup;
			children = (
				1EFBDFAB1ACC6E8500746419 /* Base */,
				1EFBDFB21ACC6E8500746419 /* en */,
				1EFBDFB61ACC6E8500746419 /* pt */,
			);
			name = BANHEIRO.png;
			sourceTree = "<group>";
		};
		1EFBDFAC1ACC6E8500746419 /* EscovarDentes.png */ = {
			isa = PBXVariantGroup;
			children = (
				1EFBDFAD1ACC6E8500746419 /* Base */,
				1EFBDFB31ACC6E8500746419 /* en */,
				1EFBDFB71ACC6E8500746419 /* pt */,
			);
			name = EscovarDentes.png;
			sourceTree = "<group>";
		};
		1EFBDFAE1ACC6E8500746419 /* LavarMao.png */ = {
			isa = PBXVariantGroup;
			children = (
				1EFBDFAF1ACC6E8500746419 /* Base */,
				1EFBDFB41ACC6E8500746419 /* en */,
				1EFBDFB81ACC6E8500746419 /* pt */,
			);
			name = LavarMao.png;
			sourceTree = "<group>";
		};
		1EFBDFB01ACC6E8500746419 /* TomarBanho.png */ = {
			isa = PBXVariantGroup;
			children = (
				1EFBDFB11ACC6E8500746419 /* Base */,
				1EFBDFB51ACC6E8500746419 /* en */,
				1EFBDFB91ACC6E8500746419 /* pt */,
			);
			name = TomarBanho.png;
			sourceTree = "<group>";
		};
		1EFBDFBB1ACC6E8500746419 /* QueHorasSao.png */ = {
			isa = PBXVariantGroup;
			children = (
				1EFBDFBC1ACC6E8500746419 /* Base */,
				1EFBDFBD1ACC6E8500746419 /* en */,
				1EFBDFBE1ACC6E8500746419 /* pt */,
			);
			name = QueHorasSao.png;
			sourceTree = "<group>";
		};
		EB0713EF1AC330DF002B9645 /* audio0.m4a */ = {
			isa = PBXVariantGroup;
			children = (
				EB0713EE1AC330DF002B9645 /* Base */,
				EB0713F01AC330E0002B9645 /* pt */,
				EB0713F11AC330E1002B9645 /* en */,
			);
			name = audio0.m4a;
			sourceTree = "<group>";
		};
		EB45BBB81AC321B3005CE9BE /* Localizable.strings */ = {
			isa = PBXVariantGroup;
			children = (
				EB45BBB71AC321B3005CE9BE /* en */,
				EB45BBB91AC321C8005CE9BE /* pt */,
				1EFBDFD71ACC737B00746419 /* Base */,
			);
			name = Localizable.strings;
			path = ..;
			sourceTree = "<group>";
		};
		EB53673E1AC1E4290000B7F3 /* Main.storyboard */ = {
			isa = PBXVariantGroup;
			children = (
				EB53673F1AC1E4290000B7F3 /* Base */,
				EB45BBB21AC31F95005CE9BE /* pt */,
				1ECD4B3F1ACAFB3000B41C8C /* en */,
			);
			name = Main.storyboard;
			sourceTree = "<group>";
		};
		EB5367431AC1E4290000B7F3 /* LaunchScreen.xib */ = {
			isa = PBXVariantGroup;
			children = (
				EB5367441AC1E4290000B7F3 /* Base */,
				EB45BBB31AC31F95005CE9BE /* pt */,
			);
			name = LaunchScreen.xib;
			sourceTree = "<group>";
		};
/* End PBXVariantGroup section */

/* Begin XCBuildConfiguration section */
		EB5367521AC1E4290000B7F3 /* Debug */ = {
			isa = XCBuildConfiguration;
			buildSettings = {
				ALWAYS_SEARCH_USER_PATHS = NO;
				CLANG_CXX_LANGUAGE_STANDARD = "gnu++0x";
				CLANG_CXX_LIBRARY = "libc++";
				CLANG_ENABLE_MODULES = YES;
				CLANG_ENABLE_OBJC_ARC = YES;
				CLANG_WARN_BOOL_CONVERSION = YES;
				CLANG_WARN_CONSTANT_CONVERSION = YES;
				CLANG_WARN_DIRECT_OBJC_ISA_USAGE = YES_ERROR;
				CLANG_WARN_EMPTY_BODY = YES;
				CLANG_WARN_ENUM_CONVERSION = YES;
				CLANG_WARN_INT_CONVERSION = YES;
				CLANG_WARN_OBJC_ROOT_CLASS = YES_ERROR;
				CLANG_WARN_UNREACHABLE_CODE = YES;
				CLANG_WARN__DUPLICATE_METHOD_MATCH = YES;
				"CODE_SIGN_IDENTITY[sdk=iphoneos*]" = "iPhone Developer";
				COPY_PHASE_STRIP = NO;
				ENABLE_STRICT_OBJC_MSGSEND = YES;
				GCC_C_LANGUAGE_STANDARD = gnu99;
				GCC_DYNAMIC_NO_PIC = NO;
				GCC_OPTIMIZATION_LEVEL = 0;
				GCC_PREPROCESSOR_DEFINITIONS = (
					"DEBUG=1",
					"$(inherited)",
				);
				GCC_SYMBOLS_PRIVATE_EXTERN = NO;
				GCC_WARN_64_TO_32_BIT_CONVERSION = YES;
				GCC_WARN_ABOUT_RETURN_TYPE = YES_ERROR;
				GCC_WARN_UNDECLARED_SELECTOR = YES;
				GCC_WARN_UNINITIALIZED_AUTOS = YES_AGGRESSIVE;
				GCC_WARN_UNUSED_FUNCTION = YES;
				GCC_WARN_UNUSED_VARIABLE = YES;
				IPHONEOS_DEPLOYMENT_TARGET = 8.2;
				MTL_ENABLE_DEBUG_INFO = YES;
				ONLY_ACTIVE_ARCH = YES;
				SDKROOT = iphoneos;
				TARGETED_DEVICE_FAMILY = "1,2";
			};
			name = Debug;
		};
		EB5367531AC1E4290000B7F3 /* Release */ = {
			isa = XCBuildConfiguration;
			buildSettings = {
				ALWAYS_SEARCH_USER_PATHS = NO;
				CLANG_CXX_LANGUAGE_STANDARD = "gnu++0x";
				CLANG_CXX_LIBRARY = "libc++";
				CLANG_ENABLE_MODULES = YES;
				CLANG_ENABLE_OBJC_ARC = YES;
				CLANG_WARN_BOOL_CONVERSION = YES;
				CLANG_WARN_CONSTANT_CONVERSION = YES;
				CLANG_WARN_DIRECT_OBJC_ISA_USAGE = YES_ERROR;
				CLANG_WARN_EMPTY_BODY = YES;
				CLANG_WARN_ENUM_CONVERSION = YES;
				CLANG_WARN_INT_CONVERSION = YES;
				CLANG_WARN_OBJC_ROOT_CLASS = YES_ERROR;
				CLANG_WARN_UNREACHABLE_CODE = YES;
				CLANG_WARN__DUPLICATE_METHOD_MATCH = YES;
				"CODE_SIGN_IDENTITY[sdk=iphoneos*]" = "iPhone Developer";
				COPY_PHASE_STRIP = NO;
				ENABLE_NS_ASSERTIONS = NO;
				ENABLE_STRICT_OBJC_MSGSEND = YES;
				GCC_C_LANGUAGE_STANDARD = gnu99;
				GCC_WARN_64_TO_32_BIT_CONVERSION = YES;
				GCC_WARN_ABOUT_RETURN_TYPE = YES_ERROR;
				GCC_WARN_UNDECLARED_SELECTOR = YES;
				GCC_WARN_UNINITIALIZED_AUTOS = YES_AGGRESSIVE;
				GCC_WARN_UNUSED_FUNCTION = YES;
				GCC_WARN_UNUSED_VARIABLE = YES;
				IPHONEOS_DEPLOYMENT_TARGET = 8.2;
				MTL_ENABLE_DEBUG_INFO = NO;
				SDKROOT = iphoneos;
				TARGETED_DEVICE_FAMILY = "1,2";
				VALIDATE_PRODUCT = YES;
			};
			name = Release;
		};
		EB5367551AC1E4290000B7F3 /* Debug */ = {
			isa = XCBuildConfiguration;
			buildSettings = {
				ASSETCATALOG_COMPILER_APPICON_NAME = AppIcon;
				CODE_SIGN_IDENTITY = "iPhone Developer";
				"CODE_SIGN_IDENTITY[sdk=iphoneos*]" = "iPhone Developer";
				INFOPLIST_FILE = Aphasia/Info.plist;
				IPHONEOS_DEPLOYMENT_TARGET = 8.0;
				LD_RUNPATH_SEARCH_PATHS = "$(inherited) @executable_path/Frameworks";
				PRODUCT_NAME = "$(TARGET_NAME)";
				PROVISIONING_PROFILE = "";
				TARGETED_DEVICE_FAMILY = "1,2";
			};
			name = Debug;
		};
		EB5367561AC1E4290000B7F3 /* Release */ = {
			isa = XCBuildConfiguration;
			buildSettings = {
				ASSETCATALOG_COMPILER_APPICON_NAME = AppIcon;
				CODE_SIGN_IDENTITY = "iPhone Developer";
				"CODE_SIGN_IDENTITY[sdk=iphoneos*]" = "iPhone Developer";
				INFOPLIST_FILE = Aphasia/Info.plist;
				IPHONEOS_DEPLOYMENT_TARGET = 8.0;
				LD_RUNPATH_SEARCH_PATHS = "$(inherited) @executable_path/Frameworks";
				PRODUCT_NAME = "$(TARGET_NAME)";
				PROVISIONING_PROFILE = "";
				TARGETED_DEVICE_FAMILY = "1,2";
			};
			name = Release;
		};
		EB5367581AC1E4290000B7F3 /* Debug */ = {
			isa = XCBuildConfiguration;
			buildSettings = {
				BUNDLE_LOADER = "$(TEST_HOST)";
				FRAMEWORK_SEARCH_PATHS = (
					"$(SDKROOT)/Developer/Library/Frameworks",
					"$(inherited)",
				);
				GCC_PREPROCESSOR_DEFINITIONS = (
					"DEBUG=1",
					"$(inherited)",
				);
				INFOPLIST_FILE = AphasiaTests/Info.plist;
				LD_RUNPATH_SEARCH_PATHS = "$(inherited) @executable_path/Frameworks @loader_path/Frameworks";
				PRODUCT_NAME = "$(TARGET_NAME)";
				TEST_HOST = "$(BUILT_PRODUCTS_DIR)/Aphasia.app/Aphasia";
			};
			name = Debug;
		};
		EB5367591AC1E4290000B7F3 /* Release */ = {
			isa = XCBuildConfiguration;
			buildSettings = {
				BUNDLE_LOADER = "$(TEST_HOST)";
				FRAMEWORK_SEARCH_PATHS = (
					"$(SDKROOT)/Developer/Library/Frameworks",
					"$(inherited)",
				);
				INFOPLIST_FILE = AphasiaTests/Info.plist;
				LD_RUNPATH_SEARCH_PATHS = "$(inherited) @executable_path/Frameworks @loader_path/Frameworks";
				PRODUCT_NAME = "$(TARGET_NAME)";
				TEST_HOST = "$(BUILT_PRODUCTS_DIR)/Aphasia.app/Aphasia";
			};
			name = Release;
		};
/* End XCBuildConfiguration section */

/* Begin XCConfigurationList section */
		EB53672C1AC1E4290000B7F3 /* Build configuration list for PBXProject "Aphasia" */ = {
			isa = XCConfigurationList;
			buildConfigurations = (
				EB5367521AC1E4290000B7F3 /* Debug */,
				EB5367531AC1E4290000B7F3 /* Release */,
			);
			defaultConfigurationIsVisible = 0;
			defaultConfigurationName = Release;
		};
		EB5367541AC1E4290000B7F3 /* Build configuration list for PBXNativeTarget "Aphasia" */ = {
			isa = XCConfigurationList;
			buildConfigurations = (
				EB5367551AC1E4290000B7F3 /* Debug */,
				EB5367561AC1E4290000B7F3 /* Release */,
			);
			defaultConfigurationIsVisible = 0;
			defaultConfigurationName = Release;
		};
		EB5367571AC1E4290000B7F3 /* Build configuration list for PBXNativeTarget "AphasiaTests" */ = {
			isa = XCConfigurationList;
			buildConfigurations = (
				EB5367581AC1E4290000B7F3 /* Debug */,
				EB5367591AC1E4290000B7F3 /* Release */,
			);
			defaultConfigurationIsVisible = 0;
			defaultConfigurationName = Release;
		};
/* End XCConfigurationList section */
	};
	rootObject = EB5367291AC1E4290000B7F3 /* Project object */;
}
